
Microsoft Visual Studio Solution File, Format Version 12.00
# Visual Studio Version 17
VisualStudioVersion = 17.9.34622.214
MinimumVisualStudioVersion = 10.0.40219.1
Project("{9A19103F-16F7-4668-BE54-9A1E7A4F7556}") = "MDP.WebApp", "MDP.WebApp\MDP.WebApp.csproj", "{2D4D0ABB-3ABE-4723-A1BA-3D9724390F90}"
EndProject
Project("{9A19103F-16F7-4668-BE54-9A1E7A4F7556}") = "MyLab.Todos", "MyLab.Todos\MyLab.Todos.csproj", "{D05752DB-D5A6-4E90-A3CA-A300D70AA0D9}"
EndProject
Project("{9A19103F-16F7-4668-BE54-9A1E7A4F7556}") = "MyLab.Todos.Accesses", "MyLab.Todos.Accesses\MyLab.Todos.Accesses.csproj", "{802DC001-5EE9-4391-810E-0C78BC561184}"
EndProject
Global
	GlobalSection(SolutionConfigurationPlatforms) = preSolution
		Debug|Any CPU = Debug|Any CPU
		Release|Any CPU = Release|Any CPU
	EndGlobalSection
	GlobalSection(ProjectConfigurationPlatforms) = postSolution
		{2D4D0ABB-3ABE-4723-A1BA-3D9724390F90}.Debug|Any CPU.ActiveCfg = Debug|Any CPU
		{2D4D0ABB-3ABE-4723-A1BA-3D9724390F90}.Debug|Any CPU.Build.0 = Debug|Any CPU
		{2D4D0ABB-3ABE-4723-A1BA-3D9724390F90}.Release|Any CPU.ActiveCfg = Release|Any CPU
		{2D4D0ABB-3ABE-4723-A1BA-3D9724390F90}.Release|Any CPU.Build.0 = Release|Any CPU
		{D05752DB-D5A6-4E90-A3CA-A300D70AA0D9}.Debug|Any CPU.ActiveCfg = Debug|Any CPU
		{D05752DB-D5A6-4E90-A3CA-A300D70AA0D9}.Debug|Any CPU.Build.0 = Debug|Any CPU
		{D05752DB-D5A6-4E90-A3CA-A300D70AA0D9}.Release|Any CPU.ActiveCfg = Release|Any CPU
		{D05752DB-D5A6-4E90-A3CA-A300D70AA0D9}.Release|Any CPU.Build.0 = Release|Any CPU
		{802DC001-5EE9-4391-810E-0C78BC561184}.Debug|Any CPU.ActiveCfg = Debug|Any CPU
		{802DC001-5EE9-4391-810E-0C78BC561184}.Debug|Any CPU.Build.0 = Debug|Any CPU
		{802DC001-5EE9-4391-810E-0C78BC561184}.Release|Any CPU.ActiveCfg = Release|Any CPU
		{802DC001-5EE9-4391-810E-0C78BC561184}.Release|Any CPU.Build.0 = Release|Any CPU
	EndGlobalSection
	GlobalSection(SolutionProperties) = preSolution
		HideSolutionNode = FALSE
	EndGlobalSection
	GlobalSection(ExtensibilityGlobals) = postSolution
		SolutionGuid = {BA9A5824-B454-4E6D-8848-57D1FB4278EF}
	EndGlobalSection
EndGlobal
