
Microsoft Visual Studio Solution File, Format Version 12.00
# Visual Studio Version 17
VisualStudioVersion = 17.5.33424.131
MinimumVisualStudioVersion = 10.0.40219.1
Project("{2150E333-8FDC-42A3-9474-1A3956D46DE8}") = "05.Library", "05.Library", "{C89E0EEA-3827-4C56-843E-5F0732D93E25}"
EndProject
Project("{2150E333-8FDC-42A3-9474-1A3956D46DE8}") = "04.Kernel", "04.Kernel", "{36B3A875-11F8-49F3-847C-B5A468EE64D4}"
EndProject
Project("{9A19103F-16F7-4668-BE54-9A1E7A4F7556}") = "CLK.Core", "CLK.Core\CLK.Core.csproj", "{185CFC80-FCBA-4918-A7C3-1FBE902B23EF}"
EndProject
Project("{9A19103F-16F7-4668-BE54-9A1E7A4F7556}") = "CLK.Diagnostics", "CLK.Diagnostics\CLK.Diagnostics.csproj", "{FFFE7F0A-F572-42DB-AD45-916B6C3DCBA8}"
EndProject
Project("{9A19103F-16F7-4668-BE54-9A1E7A4F7556}") = "CLK.IO", "CLK.IO\CLK.IO.csproj", "{495FB492-DC49-43BF-AB2D-6321297C9CB3}"
EndProject
Project("{9A19103F-16F7-4668-BE54-9A1E7A4F7556}") = "CLK.Mocks", "CLK.Mocks\CLK.Mocks.csproj", "{4D308EC9-0858-4298-84C5-00149A0A8AD6}"
EndProject
Project("{9A19103F-16F7-4668-BE54-9A1E7A4F7556}") = "CLK.Security.Claims", "CLK.Security.Claims\CLK.Security.Claims.csproj", "{4BC0F2BE-A6D3-452E-8F22-2A11EABB5F75}"
EndProject
Project("{9A19103F-16F7-4668-BE54-9A1E7A4F7556}") = "CLK.Reflection", "CLK.Reflection\CLK.Reflection.csproj", "{4FC6C6F5-B58C-400A-9201-0AD93286826D}"
EndProject
Project("{9A19103F-16F7-4668-BE54-9A1E7A4F7556}") = "MDP.Configuration", "MDP.Configuration\MDP.Configuration.csproj", "{58B66EB9-D47B-47F4-81B6-59A03CDD393D}"
EndProject
Project("{9A19103F-16F7-4668-BE54-9A1E7A4F7556}") = "MDP.Configuration.Lab", "MDP.Configuration.Lab\MDP.Configuration.Lab.csproj", "{1A7FABD2-688F-4E98-AB4A-6CCF6672A01A}"
EndProject
Project("{9A19103F-16F7-4668-BE54-9A1E7A4F7556}") = "MDP.Hosting", "MDP.Hosting\MDP.Hosting.csproj", "{DF7973C0-6E28-4F21-8247-7B55139BD699}"
EndProject
Project("{9A19103F-16F7-4668-BE54-9A1E7A4F7556}") = "MDP.Hosting.Lab", "MDP.Hosting.Lab\MDP.Hosting.Lab.csproj", "{F58ECC76-779B-436A-93CD-AD5FBC6B0B3F}"
EndProject
Project("{9A19103F-16F7-4668-BE54-9A1E7A4F7556}") = "MDP.Registration", "MDP.Registration\MDP.Registration.csproj", "{4BC1686A-6AEC-40B0-B567-119E396D3207}"
EndProject
Project("{FAE04EC0-301F-11D3-BF4B-00C04F79EFBC}") = "MDP.NetCore", "MDP.NetCore\MDP.NetCore.csproj", "{09FE759E-561E-4499-9C79-DA3535A7C4B0}"
EndProject
Project("{FAE04EC0-301F-11D3-BF4B-00C04F79EFBC}") = "MDP.NetCore.Lab", "MDP.NetCore.Lab\MDP.NetCore.Lab.csproj", "{AC1A2D99-F128-4882-AEF4-C69C0A2C739F}"
EndProject
Project("{FAE04EC0-301F-11D3-BF4B-00C04F79EFBC}") = "CLK.Tracing", "CLK.Tracing\CLK.Tracing.csproj", "{C2CDFD58-5956-4284-A3B5-FADEACDD2C1A}"
EndProject
Project("{FAE04EC0-301F-11D3-BF4B-00C04F79EFBC}") = "MDP.AspNetCore", "MDP.AspNetCore\MDP.AspNetCore.csproj", "{B1AD0F1F-4151-4EBA-B0A6-50032CD5C49A}"
EndProject
Global
	GlobalSection(SolutionConfigurationPlatforms) = preSolution
		Debug|Any CPU = Debug|Any CPU
		Release|Any CPU = Release|Any CPU
	EndGlobalSection
	GlobalSection(ProjectConfigurationPlatforms) = postSolution
		{185CFC80-FCBA-4918-A7C3-1FBE902B23EF}.Debug|Any CPU.ActiveCfg = Debug|Any CPU
		{185CFC80-FCBA-4918-A7C3-1FBE902B23EF}.Debug|Any CPU.Build.0 = Debug|Any CPU
		{185CFC80-FCBA-4918-A7C3-1FBE902B23EF}.Release|Any CPU.ActiveCfg = Release|Any CPU
		{185CFC80-FCBA-4918-A7C3-1FBE902B23EF}.Release|Any CPU.Build.0 = Release|Any CPU
		{FFFE7F0A-F572-42DB-AD45-916B6C3DCBA8}.Debug|Any CPU.ActiveCfg = Debug|Any CPU
		{FFFE7F0A-F572-42DB-AD45-916B6C3DCBA8}.Debug|Any CPU.Build.0 = Debug|Any CPU
		{FFFE7F0A-F572-42DB-AD45-916B6C3DCBA8}.Release|Any CPU.ActiveCfg = Release|Any CPU
		{FFFE7F0A-F572-42DB-AD45-916B6C3DCBA8}.Release|Any CPU.Build.0 = Release|Any CPU
		{495FB492-DC49-43BF-AB2D-6321297C9CB3}.Debug|Any CPU.ActiveCfg = Debug|Any CPU
		{495FB492-DC49-43BF-AB2D-6321297C9CB3}.Debug|Any CPU.Build.0 = Debug|Any CPU
		{495FB492-DC49-43BF-AB2D-6321297C9CB3}.Release|Any CPU.ActiveCfg = Release|Any CPU
		{495FB492-DC49-43BF-AB2D-6321297C9CB3}.Release|Any CPU.Build.0 = Release|Any CPU
		{4D308EC9-0858-4298-84C5-00149A0A8AD6}.Debug|Any CPU.ActiveCfg = Debug|Any CPU
		{4D308EC9-0858-4298-84C5-00149A0A8AD6}.Debug|Any CPU.Build.0 = Debug|Any CPU
		{4D308EC9-0858-4298-84C5-00149A0A8AD6}.Release|Any CPU.ActiveCfg = Release|Any CPU
		{4D308EC9-0858-4298-84C5-00149A0A8AD6}.Release|Any CPU.Build.0 = Release|Any CPU
		{4BC0F2BE-A6D3-452E-8F22-2A11EABB5F75}.Debug|Any CPU.ActiveCfg = Debug|Any CPU
		{4BC0F2BE-A6D3-452E-8F22-2A11EABB5F75}.Debug|Any CPU.Build.0 = Debug|Any CPU
		{4BC0F2BE-A6D3-452E-8F22-2A11EABB5F75}.Release|Any CPU.ActiveCfg = Release|Any CPU
		{4BC0F2BE-A6D3-452E-8F22-2A11EABB5F75}.Release|Any CPU.Build.0 = Release|Any CPU
		{4FC6C6F5-B58C-400A-9201-0AD93286826D}.Debug|Any CPU.ActiveCfg = Debug|Any CPU
		{4FC6C6F5-B58C-400A-9201-0AD93286826D}.Debug|Any CPU.Build.0 = Debug|Any CPU
		{4FC6C6F5-B58C-400A-9201-0AD93286826D}.Release|Any CPU.ActiveCfg = Release|Any CPU
		{4FC6C6F5-B58C-400A-9201-0AD93286826D}.Release|Any CPU.Build.0 = Release|Any CPU
		{58B66EB9-D47B-47F4-81B6-59A03CDD393D}.Debug|Any CPU.ActiveCfg = Debug|Any CPU
		{58B66EB9-D47B-47F4-81B6-59A03CDD393D}.Debug|Any CPU.Build.0 = Debug|Any CPU
		{58B66EB9-D47B-47F4-81B6-59A03CDD393D}.Release|Any CPU.ActiveCfg = Release|Any CPU
		{58B66EB9-D47B-47F4-81B6-59A03CDD393D}.Release|Any CPU.Build.0 = Release|Any CPU
		{1A7FABD2-688F-4E98-AB4A-6CCF6672A01A}.Debug|Any CPU.ActiveCfg = Debug|Any CPU
		{1A7FABD2-688F-4E98-AB4A-6CCF6672A01A}.Debug|Any CPU.Build.0 = Debug|Any CPU
		{1A7FABD2-688F-4E98-AB4A-6CCF6672A01A}.Release|Any CPU.ActiveCfg = Release|Any CPU
		{1A7FABD2-688F-4E98-AB4A-6CCF6672A01A}.Release|Any CPU.Build.0 = Release|Any CPU
		{DF7973C0-6E28-4F21-8247-7B55139BD699}.Debug|Any CPU.ActiveCfg = Debug|Any CPU
		{DF7973C0-6E28-4F21-8247-7B55139BD699}.Debug|Any CPU.Build.0 = Debug|Any CPU
		{DF7973C0-6E28-4F21-8247-7B55139BD699}.Release|Any CPU.ActiveCfg = Release|Any CPU
		{DF7973C0-6E28-4F21-8247-7B55139BD699}.Release|Any CPU.Build.0 = Release|Any CPU
		{F58ECC76-779B-436A-93CD-AD5FBC6B0B3F}.Debug|Any CPU.ActiveCfg = Debug|Any CPU
		{F58ECC76-779B-436A-93CD-AD5FBC6B0B3F}.Debug|Any CPU.Build.0 = Debug|Any CPU
		{F58ECC76-779B-436A-93CD-AD5FBC6B0B3F}.Release|Any CPU.ActiveCfg = Release|Any CPU
		{F58ECC76-779B-436A-93CD-AD5FBC6B0B3F}.Release|Any CPU.Build.0 = Release|Any CPU
		{4BC1686A-6AEC-40B0-B567-119E396D3207}.Debug|Any CPU.ActiveCfg = Debug|Any CPU
		{4BC1686A-6AEC-40B0-B567-119E396D3207}.Debug|Any CPU.Build.0 = Debug|Any CPU
		{4BC1686A-6AEC-40B0-B567-119E396D3207}.Release|Any CPU.ActiveCfg = Release|Any CPU
		{4BC1686A-6AEC-40B0-B567-119E396D3207}.Release|Any CPU.Build.0 = Release|Any CPU
		{09FE759E-561E-4499-9C79-DA3535A7C4B0}.Debug|Any CPU.ActiveCfg = Debug|Any CPU
		{09FE759E-561E-4499-9C79-DA3535A7C4B0}.Debug|Any CPU.Build.0 = Debug|Any CPU
		{09FE759E-561E-4499-9C79-DA3535A7C4B0}.Release|Any CPU.ActiveCfg = Release|Any CPU
		{09FE759E-561E-4499-9C79-DA3535A7C4B0}.Release|Any CPU.Build.0 = Release|Any CPU
		{AC1A2D99-F128-4882-AEF4-C69C0A2C739F}.Debug|Any CPU.ActiveCfg = Debug|Any CPU
		{AC1A2D99-F128-4882-AEF4-C69C0A2C739F}.Debug|Any CPU.Build.0 = Debug|Any CPU
		{AC1A2D99-F128-4882-AEF4-C69C0A2C739F}.Release|Any CPU.ActiveCfg = Release|Any CPU
		{AC1A2D99-F128-4882-AEF4-C69C0A2C739F}.Release|Any CPU.Build.0 = Release|Any CPU
		{C2CDFD58-5956-4284-A3B5-FADEACDD2C1A}.Debug|Any CPU.ActiveCfg = Debug|Any CPU
		{C2CDFD58-5956-4284-A3B5-FADEACDD2C1A}.Debug|Any CPU.Build.0 = Debug|Any CPU
		{C2CDFD58-5956-4284-A3B5-FADEACDD2C1A}.Release|Any CPU.ActiveCfg = Release|Any CPU
		{C2CDFD58-5956-4284-A3B5-FADEACDD2C1A}.Release|Any CPU.Build.0 = Release|Any CPU
		{B1AD0F1F-4151-4EBA-B0A6-50032CD5C49A}.Debug|Any CPU.ActiveCfg = Debug|Any CPU
		{B1AD0F1F-4151-4EBA-B0A6-50032CD5C49A}.Debug|Any CPU.Build.0 = Debug|Any CPU
		{B1AD0F1F-4151-4EBA-B0A6-50032CD5C49A}.Release|Any CPU.ActiveCfg = Release|Any CPU
		{B1AD0F1F-4151-4EBA-B0A6-50032CD5C49A}.Release|Any CPU.Build.0 = Release|Any CPU
	EndGlobalSection
	GlobalSection(SolutionProperties) = preSolution
		HideSolutionNode = FALSE
	EndGlobalSection
	GlobalSection(NestedProjects) = preSolution
		{185CFC80-FCBA-4918-A7C3-1FBE902B23EF} = {C89E0EEA-3827-4C56-843E-5F0732D93E25}
		{FFFE7F0A-F572-42DB-AD45-916B6C3DCBA8} = {C89E0EEA-3827-4C56-843E-5F0732D93E25}
		{495FB492-DC49-43BF-AB2D-6321297C9CB3} = {C89E0EEA-3827-4C56-843E-5F0732D93E25}
		{4D308EC9-0858-4298-84C5-00149A0A8AD6} = {C89E0EEA-3827-4C56-843E-5F0732D93E25}
		{4BC0F2BE-A6D3-452E-8F22-2A11EABB5F75} = {C89E0EEA-3827-4C56-843E-5F0732D93E25}
		{4FC6C6F5-B58C-400A-9201-0AD93286826D} = {C89E0EEA-3827-4C56-843E-5F0732D93E25}
		{58B66EB9-D47B-47F4-81B6-59A03CDD393D} = {36B3A875-11F8-49F3-847C-B5A468EE64D4}
		{1A7FABD2-688F-4E98-AB4A-6CCF6672A01A} = {36B3A875-11F8-49F3-847C-B5A468EE64D4}
		{DF7973C0-6E28-4F21-8247-7B55139BD699} = {36B3A875-11F8-49F3-847C-B5A468EE64D4}
		{F58ECC76-779B-436A-93CD-AD5FBC6B0B3F} = {36B3A875-11F8-49F3-847C-B5A468EE64D4}
		{4BC1686A-6AEC-40B0-B567-119E396D3207} = {36B3A875-11F8-49F3-847C-B5A468EE64D4}
		{09FE759E-561E-4499-9C79-DA3535A7C4B0} = {36B3A875-11F8-49F3-847C-B5A468EE64D4}
		{AC1A2D99-F128-4882-AEF4-C69C0A2C739F} = {36B3A875-11F8-49F3-847C-B5A468EE64D4}
		{C2CDFD58-5956-4284-A3B5-FADEACDD2C1A} = {C89E0EEA-3827-4C56-843E-5F0732D93E25}
		{B1AD0F1F-4151-4EBA-B0A6-50032CD5C49A} = {36B3A875-11F8-49F3-847C-B5A468EE64D4}
	EndGlobalSection
	GlobalSection(ExtensibilityGlobals) = postSolution
		SolutionGuid = {E89E7064-33A7-4989-812E-C01EFE1B8299}
	EndGlobalSection
EndGlobal
