
Microsoft Visual Studio Solution File, Format Version 12.00
# Visual Studio Version 17
VisualStudioVersion = 17.5.33424.131
MinimumVisualStudioVersion = 10.0.40219.1
Project("{FAE04EC0-301F-11D3-BF4B-00C04F79EFBC}") = "WebApplication1", "WebApplication1\WebApplication1.csproj", "{BE351481-ACF0-4180-9A7C-FB8C4609951D}"
EndProject
Global
	GlobalSection(SolutionConfigurationPlatforms) = preSolution
		Debug|Any CPU = Debug|Any CPU
		Release|Any CPU = Release|Any CPU
	EndGlobalSection
	GlobalSection(ProjectConfigurationPlatforms) = postSolution
		{BE351481-ACF0-4180-9A7C-FB8C4609951D}.Debug|Any CPU.ActiveCfg = Debug|Any CPU
		{BE351481-ACF0-4180-9A7C-FB8C4609951D}.Debug|Any CPU.Build.0 = Debug|Any CPU
		{BE351481-ACF0-4180-9A7C-FB8C4609951D}.Release|Any CPU.ActiveCfg = Release|Any CPU
		{BE351481-ACF0-4180-9A7C-FB8C4609951D}.Release|Any CPU.Build.0 = Release|Any CPU
	EndGlobalSection
	GlobalSection(SolutionProperties) = preSolution
		HideSolutionNode = FALSE
	EndGlobalSection
	GlobalSection(ExtensibilityGlobals) = postSolution
		SolutionGuid = {22C7D45D-E90E-4835-8C8A-7A41DB4F39A8}
	EndGlobalSection
EndGlobal
