
Microsoft Visual Studio Solution File, Format Version 12.00
# Visual Studio Version 17
VisualStudioVersion = 17.9.34622.214
MinimumVisualStudioVersion = 10.0.40219.1
Project("{9A19103F-16F7-4668-BE54-9A1E7A4F7556}") = "MyLab.Todos", "MyLab.Todos\MyLab.Todos.csproj", "{915DE6C1-A7BB-4C1F-8F58-CD81D4BCF3C5}"
EndProject
Project("{9A19103F-16F7-4668-BE54-9A1E7A4F7556}") = "MyLab.Todos.Accesses", "MyLab.Todos.Accesses\MyLab.Todos.Accesses.csproj", "{0ADB576E-B4A2-49F2-B30B-4B25EBFF76E9}"
EndProject
Project("{9A19103F-16F7-4668-BE54-9A1E7A4F7556}") = "MDP.BlazorApp.CoreApp", "MDP.BlazorApp.CoreApp\MDP.BlazorApp.CoreApp.csproj", "{BDF745A5-B215-4DF5-B6B4-F4FC28E8AACC}"
EndProject
Project("{9A19103F-16F7-4668-BE54-9A1E7A4F7556}") = "MDP.BlazorApp.WebApp", "MDP.BlazorApp.WebApp\MDP.BlazorApp.WebApp.csproj", "{DEF39357-945B-46C9-AF46-D3421469D212}"
EndProject
Project("{9A19103F-16F7-4668-BE54-9A1E7A4F7556}") = "MDP.BlazorApp.MauiApp", "MDP.BlazorApp.MauiApp\MDP.BlazorApp.MauiApp.csproj", "{AB528FE8-CC99-4517-9EB9-EDFAB27DAA21}"
EndProject
Global
	GlobalSection(SolutionConfigurationPlatforms) = preSolution
		Debug|Any CPU = Debug|Any CPU
		Release|Any CPU = Release|Any CPU
	EndGlobalSection
	GlobalSection(ProjectConfigurationPlatforms) = postSolution
		{915DE6C1-A7BB-4C1F-8F58-CD81D4BCF3C5}.Debug|Any CPU.ActiveCfg = Debug|Any CPU
		{915DE6C1-A7BB-4C1F-8F58-CD81D4BCF3C5}.Debug|Any CPU.Build.0 = Debug|Any CPU
		{915DE6C1-A7BB-4C1F-8F58-CD81D4BCF3C5}.Release|Any CPU.ActiveCfg = Release|Any CPU
		{915DE6C1-A7BB-4C1F-8F58-CD81D4BCF3C5}.Release|Any CPU.Build.0 = Release|Any CPU
		{0ADB576E-B4A2-49F2-B30B-4B25EBFF76E9}.Debug|Any CPU.ActiveCfg = Debug|Any CPU
		{0ADB576E-B4A2-49F2-B30B-4B25EBFF76E9}.Debug|Any CPU.Build.0 = Debug|Any CPU
		{0ADB576E-B4A2-49F2-B30B-4B25EBFF76E9}.Release|Any CPU.ActiveCfg = Release|Any CPU
		{0ADB576E-B4A2-49F2-B30B-4B25EBFF76E9}.Release|Any CPU.Build.0 = Release|Any CPU
		{BDF745A5-B215-4DF5-B6B4-F4FC28E8AACC}.Debug|Any CPU.ActiveCfg = Debug|Any CPU
		{BDF745A5-B215-4DF5-B6B4-F4FC28E8AACC}.Debug|Any CPU.Build.0 = Debug|Any CPU
		{BDF745A5-B215-4DF5-B6B4-F4FC28E8AACC}.Release|Any CPU.ActiveCfg = Release|Any CPU
		{BDF745A5-B215-4DF5-B6B4-F4FC28E8AACC}.Release|Any CPU.Build.0 = Release|Any CPU
		{DEF39357-945B-46C9-AF46-D3421469D212}.Debug|Any CPU.ActiveCfg = Debug|Any CPU
		{DEF39357-945B-46C9-AF46-D3421469D212}.Debug|Any CPU.Build.0 = Debug|Any CPU
		{DEF39357-945B-46C9-AF46-D3421469D212}.Release|Any CPU.ActiveCfg = Release|Any CPU
		{DEF39357-945B-46C9-AF46-D3421469D212}.Release|Any CPU.Build.0 = Release|Any CPU
		{AB528FE8-CC99-4517-9EB9-EDFAB27DAA21}.Debug|Any CPU.ActiveCfg = Debug|Any CPU
		{AB528FE8-CC99-4517-9EB9-EDFAB27DAA21}.Debug|Any CPU.Build.0 = Debug|Any CPU
		{AB528FE8-CC99-4517-9EB9-EDFAB27DAA21}.Debug|Any CPU.Deploy.0 = Debug|Any CPU
		{AB528FE8-CC99-4517-9EB9-EDFAB27DAA21}.Release|Any CPU.ActiveCfg = Release|Any CPU
		{AB528FE8-CC99-4517-9EB9-EDFAB27DAA21}.Release|Any CPU.Build.0 = Release|Any CPU
		{AB528FE8-CC99-4517-9EB9-EDFAB27DAA21}.Release|Any CPU.Deploy.0 = Release|Any CPU
	EndGlobalSection
	GlobalSection(SolutionProperties) = preSolution
		HideSolutionNode = FALSE
	EndGlobalSection
	GlobalSection(ExtensibilityGlobals) = postSolution
		SolutionGuid = {C051BE35-9B8E-4533-9E47-4AB00F350C5F}
	EndGlobalSection
EndGlobal
