
Microsoft Visual Studio Solution File, Format Version 12.00
# Visual Studio Version 17
VisualStudioVersion = 17.9.34622.214
MinimumVisualStudioVersion = 10.0.40219.1
Project("{2150E333-8FDC-42A3-9474-1A3956D46DE8}") = "01.MDP.ConsoleApp", "01.MDP.ConsoleApp", "{D05D76E3-3DAA-40F0-A900-AA94FD7FBF3E}"
EndProject
Project("{9A19103F-16F7-4668-BE54-9A1E7A4F7556}") = "MyLab.Todos", "MDP.ConsoleApp\MyLab.Todos\MyLab.Todos.csproj", "{C7D49239-D7CF-4424-90B7-A0110D471AAF}"
EndProject
Project("{2150E333-8FDC-42A3-9474-1A3956D46DE8}") = "02.MDP.WebApp", "02.MDP.WebApp", "{E71C86AE-5246-48C4-842D-2D392D950030}"
EndProject
Project("{9A19103F-16F7-4668-BE54-9A1E7A4F7556}") = "MyLab.Todos", "MDP.WebApp\MyLab.Todos\MyLab.Todos.csproj", "{11EEABEB-DA20-4545-A80A-DE24899C442F}"
EndProject
Project("{9A19103F-16F7-4668-BE54-9A1E7A4F7556}") = "MyLab.Todos.Accesses", "MDP.ConsoleApp\MyLab.Todos.Accesses\MyLab.Todos.Accesses.csproj", "{8F50784B-743C-4BF0-85DF-6FF2C17B2B9A}"
EndProject
Project("{9A19103F-16F7-4668-BE54-9A1E7A4F7556}") = "MDP.ConsoleApp", "MDP.ConsoleApp\MDP.ConsoleApp\MDP.ConsoleApp.csproj", "{B9AACF0D-1519-4DF1-AA9F-9C1885A70F00}"
EndProject
Project("{9A19103F-16F7-4668-BE54-9A1E7A4F7556}") = "MyLab.Todos.Accesses", "MDP.WebApp\MyLab.Todos.Accesses\MyLab.Todos.Accesses.csproj", "{396B7F99-A626-4AF5-9EB0-0D50084D6A0A}"
EndProject
Project("{9A19103F-16F7-4668-BE54-9A1E7A4F7556}") = "MDP.WebApp", "MDP.WebApp\MDP.WebApp\MDP.WebApp.csproj", "{6631D6C2-CEBE-454E-A961-D9ACE85A83BF}"
EndProject
Project("{2150E333-8FDC-42A3-9474-1A3956D46DE8}") = "03.MDP.BlazorApp", "03.MDP.BlazorApp", "{E6FC6810-E61B-4183-A0EF-3D4211867EA2}"
EndProject
Project("{9A19103F-16F7-4668-BE54-9A1E7A4F7556}") = "MyLab.Todos", "MDP.BlazorApp\MyLab.Todos\MyLab.Todos.csproj", "{5AD15605-600B-4835-89B1-BC85FAA4D729}"
EndProject
Project("{9A19103F-16F7-4668-BE54-9A1E7A4F7556}") = "MyLab.Todos.Accesses", "MDP.BlazorApp\MyLab.Todos.Accesses\MyLab.Todos.Accesses.csproj", "{8B785578-7878-4FB4-9B86-376EF682963A}"
EndProject
Project("{9A19103F-16F7-4668-BE54-9A1E7A4F7556}") = "MDP.BlazorApp.CoreApp", "MDP.BlazorApp\MDP.BlazorApp.CoreApp\MDP.BlazorApp.CoreApp.csproj", "{C4307241-6FD2-46FB-A03E-EE54E781A68F}"
EndProject
Project("{9A19103F-16F7-4668-BE54-9A1E7A4F7556}") = "MDP.BlazorApp.MauiApp", "MDP.BlazorApp\MDP.BlazorApp.MauiApp\MDP.BlazorApp.MauiApp.csproj", "{10A832B9-2CF8-4066-A8D2-742A06BE98EB}"
EndProject
Project("{9A19103F-16F7-4668-BE54-9A1E7A4F7556}") = "MDP.BlazorApp.WebApp", "MDP.BlazorApp\MDP.BlazorApp.WebApp\MDP.BlazorApp.WebApp.csproj", "{B5CA9B66-F765-4D8F-A33C-AFD13CC86E69}"
EndProject
Global
	GlobalSection(SolutionConfigurationPlatforms) = preSolution
		Debug|Any CPU = Debug|Any CPU
		Release|Any CPU = Release|Any CPU
	EndGlobalSection
	GlobalSection(ProjectConfigurationPlatforms) = postSolution
		{C7D49239-D7CF-4424-90B7-A0110D471AAF}.Debug|Any CPU.ActiveCfg = Debug|Any CPU
		{C7D49239-D7CF-4424-90B7-A0110D471AAF}.Debug|Any CPU.Build.0 = Debug|Any CPU
		{C7D49239-D7CF-4424-90B7-A0110D471AAF}.Release|Any CPU.ActiveCfg = Release|Any CPU
		{C7D49239-D7CF-4424-90B7-A0110D471AAF}.Release|Any CPU.Build.0 = Release|Any CPU
		{11EEABEB-DA20-4545-A80A-DE24899C442F}.Debug|Any CPU.ActiveCfg = Debug|Any CPU
		{11EEABEB-DA20-4545-A80A-DE24899C442F}.Debug|Any CPU.Build.0 = Debug|Any CPU
		{11EEABEB-DA20-4545-A80A-DE24899C442F}.Release|Any CPU.ActiveCfg = Release|Any CPU
		{11EEABEB-DA20-4545-A80A-DE24899C442F}.Release|Any CPU.Build.0 = Release|Any CPU
		{8F50784B-743C-4BF0-85DF-6FF2C17B2B9A}.Debug|Any CPU.ActiveCfg = Debug|Any CPU
		{8F50784B-743C-4BF0-85DF-6FF2C17B2B9A}.Debug|Any CPU.Build.0 = Debug|Any CPU
		{8F50784B-743C-4BF0-85DF-6FF2C17B2B9A}.Release|Any CPU.ActiveCfg = Release|Any CPU
		{8F50784B-743C-4BF0-85DF-6FF2C17B2B9A}.Release|Any CPU.Build.0 = Release|Any CPU
		{B9AACF0D-1519-4DF1-AA9F-9C1885A70F00}.Debug|Any CPU.ActiveCfg = Debug|Any CPU
		{B9AACF0D-1519-4DF1-AA9F-9C1885A70F00}.Debug|Any CPU.Build.0 = Debug|Any CPU
		{B9AACF0D-1519-4DF1-AA9F-9C1885A70F00}.Release|Any CPU.ActiveCfg = Release|Any CPU
		{B9AACF0D-1519-4DF1-AA9F-9C1885A70F00}.Release|Any CPU.Build.0 = Release|Any CPU
		{396B7F99-A626-4AF5-9EB0-0D50084D6A0A}.Debug|Any CPU.ActiveCfg = Debug|Any CPU
		{396B7F99-A626-4AF5-9EB0-0D50084D6A0A}.Debug|Any CPU.Build.0 = Debug|Any CPU
		{396B7F99-A626-4AF5-9EB0-0D50084D6A0A}.Release|Any CPU.ActiveCfg = Release|Any CPU
		{396B7F99-A626-4AF5-9EB0-0D50084D6A0A}.Release|Any CPU.Build.0 = Release|Any CPU
		{6631D6C2-CEBE-454E-A961-D9ACE85A83BF}.Debug|Any CPU.ActiveCfg = Debug|Any CPU
		{6631D6C2-CEBE-454E-A961-D9ACE85A83BF}.Debug|Any CPU.Build.0 = Debug|Any CPU
		{6631D6C2-CEBE-454E-A961-D9ACE85A83BF}.Release|Any CPU.ActiveCfg = Release|Any CPU
		{6631D6C2-CEBE-454E-A961-D9ACE85A83BF}.Release|Any CPU.Build.0 = Release|Any CPU
		{5AD15605-600B-4835-89B1-BC85FAA4D729}.Debug|Any CPU.ActiveCfg = Debug|Any CPU
		{5AD15605-600B-4835-89B1-BC85FAA4D729}.Debug|Any CPU.Build.0 = Debug|Any CPU
		{5AD15605-600B-4835-89B1-BC85FAA4D729}.Release|Any CPU.ActiveCfg = Release|Any CPU
		{5AD15605-600B-4835-89B1-BC85FAA4D729}.Release|Any CPU.Build.0 = Release|Any CPU
		{8B785578-7878-4FB4-9B86-376EF682963A}.Debug|Any CPU.ActiveCfg = Debug|Any CPU
		{8B785578-7878-4FB4-9B86-376EF682963A}.Debug|Any CPU.Build.0 = Debug|Any CPU
		{8B785578-7878-4FB4-9B86-376EF682963A}.Release|Any CPU.ActiveCfg = Release|Any CPU
		{8B785578-7878-4FB4-9B86-376EF682963A}.Release|Any CPU.Build.0 = Release|Any CPU
		{C4307241-6FD2-46FB-A03E-EE54E781A68F}.Debug|Any CPU.ActiveCfg = Debug|Any CPU
		{C4307241-6FD2-46FB-A03E-EE54E781A68F}.Debug|Any CPU.Build.0 = Debug|Any CPU
		{C4307241-6FD2-46FB-A03E-EE54E781A68F}.Release|Any CPU.ActiveCfg = Release|Any CPU
		{C4307241-6FD2-46FB-A03E-EE54E781A68F}.Release|Any CPU.Build.0 = Release|Any CPU
		{10A832B9-2CF8-4066-A8D2-742A06BE98EB}.Debug|Any CPU.ActiveCfg = Debug|Any CPU
		{10A832B9-2CF8-4066-A8D2-742A06BE98EB}.Debug|Any CPU.Build.0 = Debug|Any CPU
		{10A832B9-2CF8-4066-A8D2-742A06BE98EB}.Debug|Any CPU.Deploy.0 = Debug|Any CPU
		{10A832B9-2CF8-4066-A8D2-742A06BE98EB}.Release|Any CPU.ActiveCfg = Release|Any CPU
		{10A832B9-2CF8-4066-A8D2-742A06BE98EB}.Release|Any CPU.Build.0 = Release|Any CPU
		{10A832B9-2CF8-4066-A8D2-742A06BE98EB}.Release|Any CPU.Deploy.0 = Release|Any CPU
		{B5CA9B66-F765-4D8F-A33C-AFD13CC86E69}.Debug|Any CPU.ActiveCfg = Debug|Any CPU
		{B5CA9B66-F765-4D8F-A33C-AFD13CC86E69}.Debug|Any CPU.Build.0 = Debug|Any CPU
		{B5CA9B66-F765-4D8F-A33C-AFD13CC86E69}.Release|Any CPU.ActiveCfg = Release|Any CPU
		{B5CA9B66-F765-4D8F-A33C-AFD13CC86E69}.Release|Any CPU.Build.0 = Release|Any CPU
	EndGlobalSection
	GlobalSection(SolutionProperties) = preSolution
		HideSolutionNode = FALSE
	EndGlobalSection
	GlobalSection(NestedProjects) = preSolution
		{C7D49239-D7CF-4424-90B7-A0110D471AAF} = {D05D76E3-3DAA-40F0-A900-AA94FD7FBF3E}
		{11EEABEB-DA20-4545-A80A-DE24899C442F} = {E71C86AE-5246-48C4-842D-2D392D950030}
		{8F50784B-743C-4BF0-85DF-6FF2C17B2B9A} = {D05D76E3-3DAA-40F0-A900-AA94FD7FBF3E}
		{B9AACF0D-1519-4DF1-AA9F-9C1885A70F00} = {D05D76E3-3DAA-40F0-A900-AA94FD7FBF3E}
		{396B7F99-A626-4AF5-9EB0-0D50084D6A0A} = {E71C86AE-5246-48C4-842D-2D392D950030}
		{6631D6C2-CEBE-454E-A961-D9ACE85A83BF} = {E71C86AE-5246-48C4-842D-2D392D950030}
		{5AD15605-600B-4835-89B1-BC85FAA4D729} = {E6FC6810-E61B-4183-A0EF-3D4211867EA2}
		{8B785578-7878-4FB4-9B86-376EF682963A} = {E6FC6810-E61B-4183-A0EF-3D4211867EA2}
		{C4307241-6FD2-46FB-A03E-EE54E781A68F} = {E6FC6810-E61B-4183-A0EF-3D4211867EA2}
		{10A832B9-2CF8-4066-A8D2-742A06BE98EB} = {E6FC6810-E61B-4183-A0EF-3D4211867EA2}
		{B5CA9B66-F765-4D8F-A33C-AFD13CC86E69} = {E6FC6810-E61B-4183-A0EF-3D4211867EA2}
	EndGlobalSection
	GlobalSection(ExtensibilityGlobals) = postSolution
		SolutionGuid = {D3733A57-B698-4255-A955-DB06AC6F4CDD}
	EndGlobalSection
EndGlobal
