
Microsoft Visual Studio Solution File, Format Version 12.00
# Visual Studio Version 16
VisualStudioVersion = 16.0.30804.86
MinimumVisualStudioVersion = 10.0.40219.1
Project("{2150E333-8FDC-42A3-9474-1A3956D46DE8}") = "01.Application", "01.Application", "{C796E180-8F5B-49EA-B877-CE525B1BA64C}"
EndProject
Project("{2150E333-8FDC-42A3-9474-1A3956D46DE8}") = "05.Framework", "05.Framework", "{6C8A620E-75BE-4547-A644-F6C773CE941C}"
EndProject
Project("{2150E333-8FDC-42A3-9474-1A3956D46DE8}") = "04.Kernel", "04.Kernel", "{37601B01-BB27-4AE9-B721-5936148BFFB8}"
EndProject
Project("{2150E333-8FDC-42A3-9474-1A3956D46DE8}") = "02.Platform", "02.Platform", "{EA0EB489-D1BD-48B6-AE91-7C680E478359}"
EndProject
Project("{9A19103F-16F7-4668-BE54-9A1E7A4F7556}") = "CLK.IO", "CLK.IO\CLK.IO.csproj", "{30D2D849-6B11-4E88-A063-17CEFA30CF31}"
EndProject
Project("{9A19103F-16F7-4668-BE54-9A1E7A4F7556}") = "CLK.Diagnostics", "CLK.Diagnostics\CLK.Diagnostics.csproj", "{DBFA9A48-6F83-4B79-A19B-393051760DAF}"
EndProject
Project("{9A19103F-16F7-4668-BE54-9A1E7A4F7556}") = "CLK.Data.SqlClient", "CLK.Data.SqlClient\CLK.Data.SqlClient.csproj", "{3D9575A9-7DAE-48E6-9739-28765C23EEC5}"
EndProject
Project("{9A19103F-16F7-4668-BE54-9A1E7A4F7556}") = "CLK.Data.SqlClient.Dapper", "CLK.Data.SqlClient.Dapper\CLK.Data.SqlClient.Dapper.csproj", "{CEA436AD-6097-443B-9A90-483A520E071F}"
EndProject
Project("{2150E333-8FDC-42A3-9474-1A3956D46DE8}") = "03.Infrastructure", "03.Infrastructure", "{7600E0D3-2BBF-4CE1-BA15-30906977BA60}"
EndProject
Project("{9A19103F-16F7-4668-BE54-9A1E7A4F7556}") = "MDP.AspNetCore", "MDP.AspNetCore\MDP.AspNetCore.csproj", "{0AC71EE1-1839-4D9A-B9BF-4DC8821A9F34}"
EndProject
Project("{9A19103F-16F7-4668-BE54-9A1E7A4F7556}") = "MDP.NetCore", "MDP.NetCore\MDP.NetCore.csproj", "{2C75794D-05F2-4C4A-A42E-ACE8847B263D}"
EndProject
Project("{9A19103F-16F7-4668-BE54-9A1E7A4F7556}") = "CLK.Reflection", "CLK.Reflection\CLK.Reflection.csproj", "{4F4AF7EE-6557-441F-BB5F-B154162B9434}"
EndProject
Project("{9A19103F-16F7-4668-BE54-9A1E7A4F7556}") = "CLK.Core", "CLK.Core\CLK.Core.csproj", "{043C7057-9DCC-46C5-833C-1A3AF9E3C58A}"
EndProject
Project("{9A19103F-16F7-4668-BE54-9A1E7A4F7556}") = "MDP.Hosting", "MDP.Hosting\MDP.Hosting.csproj", "{66972ADA-0889-40B7-A9CD-079F43D4BD93}"
EndProject
Project("{9A19103F-16F7-4668-BE54-9A1E7A4F7556}") = "SleepZone.Todos", "SleepZone.Todos\SleepZone.Todos.csproj", "{14343129-7A5C-417F-A2BA-7ED0C3F1DC44}"
EndProject
Project("{9A19103F-16F7-4668-BE54-9A1E7A4F7556}") = "SleepZone.Todos.Services", "SleepZone.Todos.Services\SleepZone.Todos.Services.csproj", "{BEB56E61-48CA-444A-AEA2-3B6623997007}"
EndProject
Project("{9A19103F-16F7-4668-BE54-9A1E7A4F7556}") = "SleepZone.Todos.Mocks", "SleepZone.Todos.Mocks\SleepZone.Todos.Mocks.csproj", "{0C6A931B-7566-41C7-A53C-0E5412031F9E}"
EndProject
Project("{9A19103F-16F7-4668-BE54-9A1E7A4F7556}") = "SleepZone.Todos.Accesses", "SleepZone.Todos.Accesses\SleepZone.Todos.Accesses.csproj", "{846A75F9-071D-4557-ADF8-7E09FB0B903C}"
EndProject
Project("{9A19103F-16F7-4668-BE54-9A1E7A4F7556}") = "SleepZone.Todos.Hosting", "SleepZone.Todos.Hosting\SleepZone.Todos.Hosting.csproj", "{6428688F-CE29-4914-8791-7BF5A0233FD2}"
EndProject
Project("{9A19103F-16F7-4668-BE54-9A1E7A4F7556}") = "SleepZone.WebSite", "SleepZone.WebSite\SleepZone.WebSite.csproj", "{9392305B-3A5D-4956-ACB8-1CC1C6823163}"
EndProject
Project("{9A19103F-16F7-4668-BE54-9A1E7A4F7556}") = "CLK.Mocks", "CLK.Mocks\CLK.Mocks.csproj", "{6E7D5BE9-D89E-4A5D-B2F7-8DF98FED4A5F}"
EndProject
Project("{9A19103F-16F7-4668-BE54-9A1E7A4F7556}") = "MDP.Messaging.Notifications", "MDP.Messaging.Notifications\MDP.Messaging.Notifications.csproj", "{746534A9-988D-4232-BA6C-0324F8F811EF}"
EndProject
Project("{9A19103F-16F7-4668-BE54-9A1E7A4F7556}") = "MDP.Messaging.Notifications.Mocks", "MDP.Messaging.Notifications.Mocks\MDP.Messaging.Notifications.Mocks.csproj", "{1CC22008-7DD2-42DB-9F51-C9F54E227560}"
EndProject
Project("{9A19103F-16F7-4668-BE54-9A1E7A4F7556}") = "MDP.Messaging.Notifications.Accesses", "MDP.Messaging.Notifications.Accesses\MDP.Messaging.Notifications.Accesses.csproj", "{C97135D3-F904-4024-BA0F-A2624FB1793E}"
EndProject
Project("{9A19103F-16F7-4668-BE54-9A1E7A4F7556}") = "MDP.Messaging.Notifications.Services", "MDP.Messaging.Notifications.Services\MDP.Messaging.Notifications.Services.csproj", "{103EAECE-6434-45E0-A1ED-F354DEA6D8AB}"
EndProject
Project("{9A19103F-16F7-4668-BE54-9A1E7A4F7556}") = "MDP.Messaging.Notifications.Hosting", "MDP.Messaging.Notifications.Hosting\MDP.Messaging.Notifications.Hosting.csproj", "{AACFF427-4F8B-411C-B80F-8FA9BD1D48F5}"
EndProject
Project("{9A19103F-16F7-4668-BE54-9A1E7A4F7556}") = "MDP.Messaging.Notifications.Firebase", "MDP.Messaging.Notifications.Firebase\MDP.Messaging.Notifications.Firebase.csproj", "{1D53264D-5691-45EB-A215-D3312012556D}"
EndProject
Project("{9A19103F-16F7-4668-BE54-9A1E7A4F7556}") = "CLK.Autofac", "CLK.Autofac\CLK.Autofac.csproj", "{04D98206-1F47-4D08-940B-32E5B76D88AE}"
EndProject
Project("{9A19103F-16F7-4668-BE54-9A1E7A4F7556}") = "MDP.WebApp", "MDP.WebApp\MDP.WebApp.csproj", "{51F4A998-0DEC-47C6-AA8C-22DCC1377EDF}"
EndProject
Project("{9A19103F-16F7-4668-BE54-9A1E7A4F7556}") = "MDP.ConsoleApp", "MDP.ConsoleApp\MDP.ConsoleApp.csproj", "{94925666-9748-4726-A326-31F7D9AE24A2}"
EndProject
Project("{9A19103F-16F7-4668-BE54-9A1E7A4F7556}") = "MDP.ConsoleApp.Lab", "MDP.ConsoleApp.Lab\MDP.ConsoleApp.Lab.csproj", "{4644F59D-F751-4C36-A4C8-0949588CD420}"
EndProject
Project("{9A19103F-16F7-4668-BE54-9A1E7A4F7556}") = "MDP.WebApp.Lab", "MDP.WebApp.Lab\MDP.WebApp.Lab.csproj", "{6493125E-D6DA-499F-B978-07199A04BA61}"
EndProject
Project("{2150E333-8FDC-42A3-9474-1A3956D46DE8}") = "Lab", "Lab", "{A43B3A02-E5AB-46A8-811A-2ECDFC14A6CE}"
EndProject
Project("{9A19103F-16F7-4668-BE54-9A1E7A4F7556}") = "MDP.AspNetCore.Authentication.JwtBearer", "MDP.AspNetCore.Authentication.JwtBearer\MDP.AspNetCore.Authentication.JwtBearer.csproj", "{AA2D69FE-0FD5-45BC-A2DD-0D644DAD14B1}"
EndProject
Project("{9A19103F-16F7-4668-BE54-9A1E7A4F7556}") = "MDP.Module01", "MDP.Module01\MDP.Module01.csproj", "{8D5F796E-F9C3-43DE-B703-EE3EE88D2B53}"
EndProject
Project("{9A19103F-16F7-4668-BE54-9A1E7A4F7556}") = "MDP.Module01.Hosting", "MDP.Module01.Hosting\MDP.Module01.Hosting.csproj", "{E5E3109D-C55E-413E-A433-739D0CA2A1BD}"
EndProject
Project("{9A19103F-16F7-4668-BE54-9A1E7A4F7556}") = "MDP.Module01.Services", "MDP.Module01.Services\MDP.Module01.Services.csproj", "{A0B58FDB-0B4A-4F78-9450-0821316DBCAF}"
EndProject
Project("{2150E333-8FDC-42A3-9474-1A3956D46DE8}") = "01.Module", "01.Module", "{223C9772-B80E-4851-A4A2-7B0CB92E7064}"
EndProject
Project("{2150E333-8FDC-42A3-9474-1A3956D46DE8}") = "02.Library", "02.Library", "{A7BED68C-AC15-4C45-B6A1-C12663ED30E6}"
EndProject
Project("{2150E333-8FDC-42A3-9474-1A3956D46DE8}") = "03.Kernel", "03.Kernel", "{09D89FD5-0458-431A-8267-04A651A4852F}"
EndProject
Project("{9A19103F-16F7-4668-BE54-9A1E7A4F7556}") = "MDP.Transactions", "MDP.Transactions\MDP.Transactions.csproj", "{1849D0B5-2D15-4F97-A84C-3A0361BEE75E}"
EndProject
Project("{9A19103F-16F7-4668-BE54-9A1E7A4F7556}") = "MDP.Transactions.Database", "MDP.Transactions.Database\MDP.Transactions.Database.csproj", "{E3F4352E-335B-407B-9CB2-C8F9CDDDFF79}"
EndProject
Project("{9A19103F-16F7-4668-BE54-9A1E7A4F7556}") = "MDP.Data.SqlClient.Hosting", "MDP.Data.SqlClient.Hosting\MDP.Data.SqlClient.Hosting.csproj", "{89715AFD-9FC4-40C3-A994-F37F23F7DB21}"
EndProject
Project("{9A19103F-16F7-4668-BE54-9A1E7A4F7556}") = "MDP.FirebaseAdmin.Hosting", "MDP.FirebaseAdmin.Hosting\MDP.FirebaseAdmin.Hosting.csproj", "{F3412A22-5238-4999-A04D-767FBE91661B}"
EndProject
Project("{9A19103F-16F7-4668-BE54-9A1E7A4F7556}") = "MDP.Logging", "MDP.Logging\MDP.Logging.csproj", "{8A59A105-72A0-4785-984A-81CE11E1BAE9}"
EndProject
Project("{9A19103F-16F7-4668-BE54-9A1E7A4F7556}") = "MDP.Logging.NetCore", "MDP.Logging.NetCore\MDP.Logging.NetCore.csproj", "{C4755393-A0BE-4C12-B715-ED47873558F4}"
EndProject
Project("{9A19103F-16F7-4668-BE54-9A1E7A4F7556}") = "MDP.Logging.Hosting", "MDP.Logging.Hosting\MDP.Logging.Hosting.csproj", "{7101F3C0-3F9A-40C8-8C6F-B38D8163890E}"
EndProject
Project("{9A19103F-16F7-4668-BE54-9A1E7A4F7556}") = "MDP.NetCore.Logging.NLog", "MDP.NetCore.Logging.NLog\MDP.NetCore.Logging.NLog.csproj", "{E44F853D-821F-49CB-BC10-FA1D4F1A7380}"
EndProject
Project("{9A19103F-16F7-4668-BE54-9A1E7A4F7556}") = "MDP.NetCore.Logging.Log4net", "MDP.NetCore.Logging.Log4net\MDP.NetCore.Logging.Log4net.csproj", "{3ED39A8B-161C-415C-9067-E49019BB752C}"
EndProject
Project("{9A19103F-16F7-4668-BE54-9A1E7A4F7556}") = "MDP.AspNetCore.Authentication.ExternalCookies", "MDP.AspNetCore.Authentication.ExternalCookies\MDP.AspNetCore.Authentication.ExternalCookies.csproj", "{CC05D740-9666-4D07-95F4-0506E2BD1AC6}"
EndProject
Project("{9A19103F-16F7-4668-BE54-9A1E7A4F7556}") = "MDP.AspNetCore.Authentication.Policies", "MDP.AspNetCore.Authentication.Policies\MDP.AspNetCore.Authentication.Policies.csproj", "{EEBFD0C4-DFEF-482F-8112-08E6155D4D43}"
EndProject
Project("{9A19103F-16F7-4668-BE54-9A1E7A4F7556}") = "SleepZone.Todos.Tests", "SleepZone.Todos.Tests\SleepZone.Todos.Tests.csproj", "{88E181DC-F343-4C5C-B6A9-B595D9E3F8E2}"
EndProject
Project("{9A19103F-16F7-4668-BE54-9A1E7A4F7556}") = "MDP.AspNetCore.Authentication.GitHub", "MDP.AspNetCore.Authentication.GitHub\MDP.AspNetCore.Authentication.GitHub.csproj", "{6EFA1648-88DE-4AE6-8203-4DB153E9B0D8}"
EndProject
Project("{FAE04EC0-301F-11D3-BF4B-00C04F79EFBC}") = "MDP.AspNetCore.Authentication.Line", "MDP.AspNetCore.Authentication.Line\MDP.AspNetCore.Authentication.Line.csproj", "{88FDE7F6-B3E3-41CD-BAF6-1CA00FF43848}"
EndProject
Global
	GlobalSection(SolutionConfigurationPlatforms) = preSolution
		Debug|Any CPU = Debug|Any CPU
		Release|Any CPU = Release|Any CPU
	EndGlobalSection
	GlobalSection(ProjectConfigurationPlatforms) = postSolution
		{30D2D849-6B11-4E88-A063-17CEFA30CF31}.Debug|Any CPU.ActiveCfg = Debug|Any CPU
		{30D2D849-6B11-4E88-A063-17CEFA30CF31}.Debug|Any CPU.Build.0 = Debug|Any CPU
		{30D2D849-6B11-4E88-A063-17CEFA30CF31}.Release|Any CPU.ActiveCfg = Release|Any CPU
		{30D2D849-6B11-4E88-A063-17CEFA30CF31}.Release|Any CPU.Build.0 = Release|Any CPU
		{DBFA9A48-6F83-4B79-A19B-393051760DAF}.Debug|Any CPU.ActiveCfg = Debug|Any CPU
		{DBFA9A48-6F83-4B79-A19B-393051760DAF}.Debug|Any CPU.Build.0 = Debug|Any CPU
		{DBFA9A48-6F83-4B79-A19B-393051760DAF}.Release|Any CPU.ActiveCfg = Release|Any CPU
		{DBFA9A48-6F83-4B79-A19B-393051760DAF}.Release|Any CPU.Build.0 = Release|Any CPU
		{3D9575A9-7DAE-48E6-9739-28765C23EEC5}.Debug|Any CPU.ActiveCfg = Debug|Any CPU
		{3D9575A9-7DAE-48E6-9739-28765C23EEC5}.Debug|Any CPU.Build.0 = Debug|Any CPU
		{3D9575A9-7DAE-48E6-9739-28765C23EEC5}.Release|Any CPU.ActiveCfg = Release|Any CPU
		{3D9575A9-7DAE-48E6-9739-28765C23EEC5}.Release|Any CPU.Build.0 = Release|Any CPU
		{CEA436AD-6097-443B-9A90-483A520E071F}.Debug|Any CPU.ActiveCfg = Debug|Any CPU
		{CEA436AD-6097-443B-9A90-483A520E071F}.Debug|Any CPU.Build.0 = Debug|Any CPU
		{CEA436AD-6097-443B-9A90-483A520E071F}.Release|Any CPU.ActiveCfg = Release|Any CPU
		{CEA436AD-6097-443B-9A90-483A520E071F}.Release|Any CPU.Build.0 = Release|Any CPU
		{0AC71EE1-1839-4D9A-B9BF-4DC8821A9F34}.Debug|Any CPU.ActiveCfg = Debug|Any CPU
		{0AC71EE1-1839-4D9A-B9BF-4DC8821A9F34}.Debug|Any CPU.Build.0 = Debug|Any CPU
		{0AC71EE1-1839-4D9A-B9BF-4DC8821A9F34}.Release|Any CPU.ActiveCfg = Release|Any CPU
		{0AC71EE1-1839-4D9A-B9BF-4DC8821A9F34}.Release|Any CPU.Build.0 = Release|Any CPU
		{2C75794D-05F2-4C4A-A42E-ACE8847B263D}.Debug|Any CPU.ActiveCfg = Debug|Any CPU
		{2C75794D-05F2-4C4A-A42E-ACE8847B263D}.Debug|Any CPU.Build.0 = Debug|Any CPU
		{2C75794D-05F2-4C4A-A42E-ACE8847B263D}.Release|Any CPU.ActiveCfg = Release|Any CPU
		{2C75794D-05F2-4C4A-A42E-ACE8847B263D}.Release|Any CPU.Build.0 = Release|Any CPU
		{4F4AF7EE-6557-441F-BB5F-B154162B9434}.Debug|Any CPU.ActiveCfg = Debug|Any CPU
		{4F4AF7EE-6557-441F-BB5F-B154162B9434}.Debug|Any CPU.Build.0 = Debug|Any CPU
		{4F4AF7EE-6557-441F-BB5F-B154162B9434}.Release|Any CPU.ActiveCfg = Release|Any CPU
		{4F4AF7EE-6557-441F-BB5F-B154162B9434}.Release|Any CPU.Build.0 = Release|Any CPU
		{043C7057-9DCC-46C5-833C-1A3AF9E3C58A}.Debug|Any CPU.ActiveCfg = Debug|Any CPU
		{043C7057-9DCC-46C5-833C-1A3AF9E3C58A}.Debug|Any CPU.Build.0 = Debug|Any CPU
		{043C7057-9DCC-46C5-833C-1A3AF9E3C58A}.Release|Any CPU.ActiveCfg = Release|Any CPU
		{043C7057-9DCC-46C5-833C-1A3AF9E3C58A}.Release|Any CPU.Build.0 = Release|Any CPU
		{66972ADA-0889-40B7-A9CD-079F43D4BD93}.Debug|Any CPU.ActiveCfg = Debug|Any CPU
		{66972ADA-0889-40B7-A9CD-079F43D4BD93}.Debug|Any CPU.Build.0 = Debug|Any CPU
		{66972ADA-0889-40B7-A9CD-079F43D4BD93}.Release|Any CPU.ActiveCfg = Release|Any CPU
		{66972ADA-0889-40B7-A9CD-079F43D4BD93}.Release|Any CPU.Build.0 = Release|Any CPU
		{14343129-7A5C-417F-A2BA-7ED0C3F1DC44}.Debug|Any CPU.ActiveCfg = Debug|Any CPU
		{14343129-7A5C-417F-A2BA-7ED0C3F1DC44}.Debug|Any CPU.Build.0 = Debug|Any CPU
		{14343129-7A5C-417F-A2BA-7ED0C3F1DC44}.Release|Any CPU.ActiveCfg = Release|Any CPU
		{14343129-7A5C-417F-A2BA-7ED0C3F1DC44}.Release|Any CPU.Build.0 = Release|Any CPU
		{BEB56E61-48CA-444A-AEA2-3B6623997007}.Debug|Any CPU.ActiveCfg = Debug|Any CPU
		{BEB56E61-48CA-444A-AEA2-3B6623997007}.Debug|Any CPU.Build.0 = Debug|Any CPU
		{BEB56E61-48CA-444A-AEA2-3B6623997007}.Release|Any CPU.ActiveCfg = Release|Any CPU
		{BEB56E61-48CA-444A-AEA2-3B6623997007}.Release|Any CPU.Build.0 = Release|Any CPU
		{0C6A931B-7566-41C7-A53C-0E5412031F9E}.Debug|Any CPU.ActiveCfg = Debug|Any CPU
		{0C6A931B-7566-41C7-A53C-0E5412031F9E}.Debug|Any CPU.Build.0 = Debug|Any CPU
		{0C6A931B-7566-41C7-A53C-0E5412031F9E}.Release|Any CPU.ActiveCfg = Release|Any CPU
		{0C6A931B-7566-41C7-A53C-0E5412031F9E}.Release|Any CPU.Build.0 = Release|Any CPU
		{846A75F9-071D-4557-ADF8-7E09FB0B903C}.Debug|Any CPU.ActiveCfg = Debug|Any CPU
		{846A75F9-071D-4557-ADF8-7E09FB0B903C}.Debug|Any CPU.Build.0 = Debug|Any CPU
		{846A75F9-071D-4557-ADF8-7E09FB0B903C}.Release|Any CPU.ActiveCfg = Release|Any CPU
		{846A75F9-071D-4557-ADF8-7E09FB0B903C}.Release|Any CPU.Build.0 = Release|Any CPU
		{6428688F-CE29-4914-8791-7BF5A0233FD2}.Debug|Any CPU.ActiveCfg = Debug|Any CPU
		{6428688F-CE29-4914-8791-7BF5A0233FD2}.Debug|Any CPU.Build.0 = Debug|Any CPU
		{6428688F-CE29-4914-8791-7BF5A0233FD2}.Release|Any CPU.ActiveCfg = Release|Any CPU
		{6428688F-CE29-4914-8791-7BF5A0233FD2}.Release|Any CPU.Build.0 = Release|Any CPU
		{9392305B-3A5D-4956-ACB8-1CC1C6823163}.Debug|Any CPU.ActiveCfg = Debug|Any CPU
		{9392305B-3A5D-4956-ACB8-1CC1C6823163}.Debug|Any CPU.Build.0 = Debug|Any CPU
		{9392305B-3A5D-4956-ACB8-1CC1C6823163}.Release|Any CPU.ActiveCfg = Release|Any CPU
		{9392305B-3A5D-4956-ACB8-1CC1C6823163}.Release|Any CPU.Build.0 = Release|Any CPU
		{6E7D5BE9-D89E-4A5D-B2F7-8DF98FED4A5F}.Debug|Any CPU.ActiveCfg = Debug|Any CPU
		{6E7D5BE9-D89E-4A5D-B2F7-8DF98FED4A5F}.Debug|Any CPU.Build.0 = Debug|Any CPU
		{6E7D5BE9-D89E-4A5D-B2F7-8DF98FED4A5F}.Release|Any CPU.ActiveCfg = Release|Any CPU
		{6E7D5BE9-D89E-4A5D-B2F7-8DF98FED4A5F}.Release|Any CPU.Build.0 = Release|Any CPU
		{746534A9-988D-4232-BA6C-0324F8F811EF}.Debug|Any CPU.ActiveCfg = Debug|Any CPU
		{746534A9-988D-4232-BA6C-0324F8F811EF}.Debug|Any CPU.Build.0 = Debug|Any CPU
		{746534A9-988D-4232-BA6C-0324F8F811EF}.Release|Any CPU.ActiveCfg = Release|Any CPU
		{746534A9-988D-4232-BA6C-0324F8F811EF}.Release|Any CPU.Build.0 = Release|Any CPU
		{1CC22008-7DD2-42DB-9F51-C9F54E227560}.Debug|Any CPU.ActiveCfg = Debug|Any CPU
		{1CC22008-7DD2-42DB-9F51-C9F54E227560}.Debug|Any CPU.Build.0 = Debug|Any CPU
		{1CC22008-7DD2-42DB-9F51-C9F54E227560}.Release|Any CPU.ActiveCfg = Release|Any CPU
		{1CC22008-7DD2-42DB-9F51-C9F54E227560}.Release|Any CPU.Build.0 = Release|Any CPU
		{C97135D3-F904-4024-BA0F-A2624FB1793E}.Debug|Any CPU.ActiveCfg = Debug|Any CPU
		{C97135D3-F904-4024-BA0F-A2624FB1793E}.Debug|Any CPU.Build.0 = Debug|Any CPU
		{C97135D3-F904-4024-BA0F-A2624FB1793E}.Release|Any CPU.ActiveCfg = Release|Any CPU
		{C97135D3-F904-4024-BA0F-A2624FB1793E}.Release|Any CPU.Build.0 = Release|Any CPU
		{103EAECE-6434-45E0-A1ED-F354DEA6D8AB}.Debug|Any CPU.ActiveCfg = Debug|Any CPU
		{103EAECE-6434-45E0-A1ED-F354DEA6D8AB}.Debug|Any CPU.Build.0 = Debug|Any CPU
		{103EAECE-6434-45E0-A1ED-F354DEA6D8AB}.Release|Any CPU.ActiveCfg = Release|Any CPU
		{103EAECE-6434-45E0-A1ED-F354DEA6D8AB}.Release|Any CPU.Build.0 = Release|Any CPU
		{AACFF427-4F8B-411C-B80F-8FA9BD1D48F5}.Debug|Any CPU.ActiveCfg = Debug|Any CPU
		{AACFF427-4F8B-411C-B80F-8FA9BD1D48F5}.Debug|Any CPU.Build.0 = Debug|Any CPU
		{AACFF427-4F8B-411C-B80F-8FA9BD1D48F5}.Release|Any CPU.ActiveCfg = Release|Any CPU
		{AACFF427-4F8B-411C-B80F-8FA9BD1D48F5}.Release|Any CPU.Build.0 = Release|Any CPU
		{1D53264D-5691-45EB-A215-D3312012556D}.Debug|Any CPU.ActiveCfg = Debug|Any CPU
		{1D53264D-5691-45EB-A215-D3312012556D}.Debug|Any CPU.Build.0 = Debug|Any CPU
		{1D53264D-5691-45EB-A215-D3312012556D}.Release|Any CPU.ActiveCfg = Release|Any CPU
		{1D53264D-5691-45EB-A215-D3312012556D}.Release|Any CPU.Build.0 = Release|Any CPU
		{04D98206-1F47-4D08-940B-32E5B76D88AE}.Debug|Any CPU.ActiveCfg = Debug|Any CPU
		{04D98206-1F47-4D08-940B-32E5B76D88AE}.Debug|Any CPU.Build.0 = Debug|Any CPU
		{04D98206-1F47-4D08-940B-32E5B76D88AE}.Release|Any CPU.ActiveCfg = Release|Any CPU
		{04D98206-1F47-4D08-940B-32E5B76D88AE}.Release|Any CPU.Build.0 = Release|Any CPU
		{51F4A998-0DEC-47C6-AA8C-22DCC1377EDF}.Debug|Any CPU.ActiveCfg = Debug|Any CPU
		{51F4A998-0DEC-47C6-AA8C-22DCC1377EDF}.Debug|Any CPU.Build.0 = Debug|Any CPU
		{51F4A998-0DEC-47C6-AA8C-22DCC1377EDF}.Release|Any CPU.ActiveCfg = Release|Any CPU
		{51F4A998-0DEC-47C6-AA8C-22DCC1377EDF}.Release|Any CPU.Build.0 = Release|Any CPU
		{94925666-9748-4726-A326-31F7D9AE24A2}.Debug|Any CPU.ActiveCfg = Debug|Any CPU
		{94925666-9748-4726-A326-31F7D9AE24A2}.Debug|Any CPU.Build.0 = Debug|Any CPU
		{94925666-9748-4726-A326-31F7D9AE24A2}.Release|Any CPU.ActiveCfg = Release|Any CPU
		{94925666-9748-4726-A326-31F7D9AE24A2}.Release|Any CPU.Build.0 = Release|Any CPU
		{4644F59D-F751-4C36-A4C8-0949588CD420}.Debug|Any CPU.ActiveCfg = Debug|Any CPU
		{4644F59D-F751-4C36-A4C8-0949588CD420}.Debug|Any CPU.Build.0 = Debug|Any CPU
		{4644F59D-F751-4C36-A4C8-0949588CD420}.Release|Any CPU.ActiveCfg = Release|Any CPU
		{4644F59D-F751-4C36-A4C8-0949588CD420}.Release|Any CPU.Build.0 = Release|Any CPU
		{6493125E-D6DA-499F-B978-07199A04BA61}.Debug|Any CPU.ActiveCfg = Debug|Any CPU
		{6493125E-D6DA-499F-B978-07199A04BA61}.Debug|Any CPU.Build.0 = Debug|Any CPU
		{6493125E-D6DA-499F-B978-07199A04BA61}.Release|Any CPU.ActiveCfg = Release|Any CPU
		{6493125E-D6DA-499F-B978-07199A04BA61}.Release|Any CPU.Build.0 = Release|Any CPU
		{AA2D69FE-0FD5-45BC-A2DD-0D644DAD14B1}.Debug|Any CPU.ActiveCfg = Debug|Any CPU
		{AA2D69FE-0FD5-45BC-A2DD-0D644DAD14B1}.Debug|Any CPU.Build.0 = Debug|Any CPU
		{AA2D69FE-0FD5-45BC-A2DD-0D644DAD14B1}.Release|Any CPU.ActiveCfg = Release|Any CPU
		{AA2D69FE-0FD5-45BC-A2DD-0D644DAD14B1}.Release|Any CPU.Build.0 = Release|Any CPU
		{8D5F796E-F9C3-43DE-B703-EE3EE88D2B53}.Debug|Any CPU.ActiveCfg = Debug|Any CPU
		{8D5F796E-F9C3-43DE-B703-EE3EE88D2B53}.Debug|Any CPU.Build.0 = Debug|Any CPU
		{8D5F796E-F9C3-43DE-B703-EE3EE88D2B53}.Release|Any CPU.ActiveCfg = Release|Any CPU
		{8D5F796E-F9C3-43DE-B703-EE3EE88D2B53}.Release|Any CPU.Build.0 = Release|Any CPU
		{E5E3109D-C55E-413E-A433-739D0CA2A1BD}.Debug|Any CPU.ActiveCfg = Debug|Any CPU
		{E5E3109D-C55E-413E-A433-739D0CA2A1BD}.Debug|Any CPU.Build.0 = Debug|Any CPU
		{E5E3109D-C55E-413E-A433-739D0CA2A1BD}.Release|Any CPU.ActiveCfg = Release|Any CPU
		{E5E3109D-C55E-413E-A433-739D0CA2A1BD}.Release|Any CPU.Build.0 = Release|Any CPU
		{A0B58FDB-0B4A-4F78-9450-0821316DBCAF}.Debug|Any CPU.ActiveCfg = Debug|Any CPU
		{A0B58FDB-0B4A-4F78-9450-0821316DBCAF}.Debug|Any CPU.Build.0 = Debug|Any CPU
		{A0B58FDB-0B4A-4F78-9450-0821316DBCAF}.Release|Any CPU.ActiveCfg = Release|Any CPU
		{A0B58FDB-0B4A-4F78-9450-0821316DBCAF}.Release|Any CPU.Build.0 = Release|Any CPU
		{1849D0B5-2D15-4F97-A84C-3A0361BEE75E}.Debug|Any CPU.ActiveCfg = Debug|Any CPU
		{1849D0B5-2D15-4F97-A84C-3A0361BEE75E}.Debug|Any CPU.Build.0 = Debug|Any CPU
		{1849D0B5-2D15-4F97-A84C-3A0361BEE75E}.Release|Any CPU.ActiveCfg = Release|Any CPU
		{1849D0B5-2D15-4F97-A84C-3A0361BEE75E}.Release|Any CPU.Build.0 = Release|Any CPU
		{E3F4352E-335B-407B-9CB2-C8F9CDDDFF79}.Debug|Any CPU.ActiveCfg = Debug|Any CPU
		{E3F4352E-335B-407B-9CB2-C8F9CDDDFF79}.Debug|Any CPU.Build.0 = Debug|Any CPU
		{E3F4352E-335B-407B-9CB2-C8F9CDDDFF79}.Release|Any CPU.ActiveCfg = Release|Any CPU
		{E3F4352E-335B-407B-9CB2-C8F9CDDDFF79}.Release|Any CPU.Build.0 = Release|Any CPU
		{89715AFD-9FC4-40C3-A994-F37F23F7DB21}.Debug|Any CPU.ActiveCfg = Debug|Any CPU
		{89715AFD-9FC4-40C3-A994-F37F23F7DB21}.Debug|Any CPU.Build.0 = Debug|Any CPU
		{89715AFD-9FC4-40C3-A994-F37F23F7DB21}.Release|Any CPU.ActiveCfg = Release|Any CPU
		{89715AFD-9FC4-40C3-A994-F37F23F7DB21}.Release|Any CPU.Build.0 = Release|Any CPU
		{F3412A22-5238-4999-A04D-767FBE91661B}.Debug|Any CPU.ActiveCfg = Debug|Any CPU
		{F3412A22-5238-4999-A04D-767FBE91661B}.Debug|Any CPU.Build.0 = Debug|Any CPU
		{F3412A22-5238-4999-A04D-767FBE91661B}.Release|Any CPU.ActiveCfg = Release|Any CPU
		{F3412A22-5238-4999-A04D-767FBE91661B}.Release|Any CPU.Build.0 = Release|Any CPU
		{8A59A105-72A0-4785-984A-81CE11E1BAE9}.Debug|Any CPU.ActiveCfg = Debug|Any CPU
		{8A59A105-72A0-4785-984A-81CE11E1BAE9}.Debug|Any CPU.Build.0 = Debug|Any CPU
		{8A59A105-72A0-4785-984A-81CE11E1BAE9}.Release|Any CPU.ActiveCfg = Release|Any CPU
		{8A59A105-72A0-4785-984A-81CE11E1BAE9}.Release|Any CPU.Build.0 = Release|Any CPU
		{C4755393-A0BE-4C12-B715-ED47873558F4}.Debug|Any CPU.ActiveCfg = Debug|Any CPU
		{C4755393-A0BE-4C12-B715-ED47873558F4}.Debug|Any CPU.Build.0 = Debug|Any CPU
		{C4755393-A0BE-4C12-B715-ED47873558F4}.Release|Any CPU.ActiveCfg = Release|Any CPU
		{C4755393-A0BE-4C12-B715-ED47873558F4}.Release|Any CPU.Build.0 = Release|Any CPU
		{7101F3C0-3F9A-40C8-8C6F-B38D8163890E}.Debug|Any CPU.ActiveCfg = Debug|Any CPU
		{7101F3C0-3F9A-40C8-8C6F-B38D8163890E}.Debug|Any CPU.Build.0 = Debug|Any CPU
		{7101F3C0-3F9A-40C8-8C6F-B38D8163890E}.Release|Any CPU.ActiveCfg = Release|Any CPU
		{7101F3C0-3F9A-40C8-8C6F-B38D8163890E}.Release|Any CPU.Build.0 = Release|Any CPU
		{E44F853D-821F-49CB-BC10-FA1D4F1A7380}.Debug|Any CPU.ActiveCfg = Debug|Any CPU
		{E44F853D-821F-49CB-BC10-FA1D4F1A7380}.Debug|Any CPU.Build.0 = Debug|Any CPU
		{E44F853D-821F-49CB-BC10-FA1D4F1A7380}.Release|Any CPU.ActiveCfg = Release|Any CPU
		{E44F853D-821F-49CB-BC10-FA1D4F1A7380}.Release|Any CPU.Build.0 = Release|Any CPU
		{3ED39A8B-161C-415C-9067-E49019BB752C}.Debug|Any CPU.ActiveCfg = Debug|Any CPU
		{3ED39A8B-161C-415C-9067-E49019BB752C}.Debug|Any CPU.Build.0 = Debug|Any CPU
		{3ED39A8B-161C-415C-9067-E49019BB752C}.Release|Any CPU.ActiveCfg = Release|Any CPU
		{3ED39A8B-161C-415C-9067-E49019BB752C}.Release|Any CPU.Build.0 = Release|Any CPU
		{CC05D740-9666-4D07-95F4-0506E2BD1AC6}.Debug|Any CPU.ActiveCfg = Debug|Any CPU
		{CC05D740-9666-4D07-95F4-0506E2BD1AC6}.Debug|Any CPU.Build.0 = Debug|Any CPU
		{CC05D740-9666-4D07-95F4-0506E2BD1AC6}.Release|Any CPU.ActiveCfg = Release|Any CPU
		{CC05D740-9666-4D07-95F4-0506E2BD1AC6}.Release|Any CPU.Build.0 = Release|Any CPU
		{EEBFD0C4-DFEF-482F-8112-08E6155D4D43}.Debug|Any CPU.ActiveCfg = Debug|Any CPU
		{EEBFD0C4-DFEF-482F-8112-08E6155D4D43}.Debug|Any CPU.Build.0 = Debug|Any CPU
		{EEBFD0C4-DFEF-482F-8112-08E6155D4D43}.Release|Any CPU.ActiveCfg = Release|Any CPU
		{EEBFD0C4-DFEF-482F-8112-08E6155D4D43}.Release|Any CPU.Build.0 = Release|Any CPU
		{88E181DC-F343-4C5C-B6A9-B595D9E3F8E2}.Debug|Any CPU.ActiveCfg = Debug|Any CPU
		{88E181DC-F343-4C5C-B6A9-B595D9E3F8E2}.Debug|Any CPU.Build.0 = Debug|Any CPU
		{88E181DC-F343-4C5C-B6A9-B595D9E3F8E2}.Release|Any CPU.ActiveCfg = Release|Any CPU
		{88E181DC-F343-4C5C-B6A9-B595D9E3F8E2}.Release|Any CPU.Build.0 = Release|Any CPU
		{6EFA1648-88DE-4AE6-8203-4DB153E9B0D8}.Debug|Any CPU.ActiveCfg = Debug|Any CPU
		{6EFA1648-88DE-4AE6-8203-4DB153E9B0D8}.Debug|Any CPU.Build.0 = Debug|Any CPU
		{6EFA1648-88DE-4AE6-8203-4DB153E9B0D8}.Release|Any CPU.ActiveCfg = Release|Any CPU
		{6EFA1648-88DE-4AE6-8203-4DB153E9B0D8}.Release|Any CPU.Build.0 = Release|Any CPU
		{88FDE7F6-B3E3-41CD-BAF6-1CA00FF43848}.Debug|Any CPU.ActiveCfg = Debug|Any CPU
		{88FDE7F6-B3E3-41CD-BAF6-1CA00FF43848}.Debug|Any CPU.Build.0 = Debug|Any CPU
		{88FDE7F6-B3E3-41CD-BAF6-1CA00FF43848}.Release|Any CPU.ActiveCfg = Release|Any CPU
		{88FDE7F6-B3E3-41CD-BAF6-1CA00FF43848}.Release|Any CPU.Build.0 = Release|Any CPU
	EndGlobalSection
	GlobalSection(SolutionProperties) = preSolution
		HideSolutionNode = FALSE
	EndGlobalSection
	GlobalSection(NestedProjects) = preSolution
		{30D2D849-6B11-4E88-A063-17CEFA30CF31} = {6C8A620E-75BE-4547-A644-F6C773CE941C}
		{DBFA9A48-6F83-4B79-A19B-393051760DAF} = {6C8A620E-75BE-4547-A644-F6C773CE941C}
		{3D9575A9-7DAE-48E6-9739-28765C23EEC5} = {6C8A620E-75BE-4547-A644-F6C773CE941C}
		{CEA436AD-6097-443B-9A90-483A520E071F} = {6C8A620E-75BE-4547-A644-F6C773CE941C}
		{0AC71EE1-1839-4D9A-B9BF-4DC8821A9F34} = {37601B01-BB27-4AE9-B721-5936148BFFB8}
		{2C75794D-05F2-4C4A-A42E-ACE8847B263D} = {37601B01-BB27-4AE9-B721-5936148BFFB8}
		{4F4AF7EE-6557-441F-BB5F-B154162B9434} = {6C8A620E-75BE-4547-A644-F6C773CE941C}
		{043C7057-9DCC-46C5-833C-1A3AF9E3C58A} = {6C8A620E-75BE-4547-A644-F6C773CE941C}
		{66972ADA-0889-40B7-A9CD-079F43D4BD93} = {37601B01-BB27-4AE9-B721-5936148BFFB8}
		{14343129-7A5C-417F-A2BA-7ED0C3F1DC44} = {C796E180-8F5B-49EA-B877-CE525B1BA64C}
		{BEB56E61-48CA-444A-AEA2-3B6623997007} = {C796E180-8F5B-49EA-B877-CE525B1BA64C}
		{0C6A931B-7566-41C7-A53C-0E5412031F9E} = {C796E180-8F5B-49EA-B877-CE525B1BA64C}
		{846A75F9-071D-4557-ADF8-7E09FB0B903C} = {C796E180-8F5B-49EA-B877-CE525B1BA64C}
		{6428688F-CE29-4914-8791-7BF5A0233FD2} = {C796E180-8F5B-49EA-B877-CE525B1BA64C}
		{9392305B-3A5D-4956-ACB8-1CC1C6823163} = {C796E180-8F5B-49EA-B877-CE525B1BA64C}
		{6E7D5BE9-D89E-4A5D-B2F7-8DF98FED4A5F} = {6C8A620E-75BE-4547-A644-F6C773CE941C}
		{746534A9-988D-4232-BA6C-0324F8F811EF} = {223C9772-B80E-4851-A4A2-7B0CB92E7064}
		{1CC22008-7DD2-42DB-9F51-C9F54E227560} = {223C9772-B80E-4851-A4A2-7B0CB92E7064}
		{C97135D3-F904-4024-BA0F-A2624FB1793E} = {223C9772-B80E-4851-A4A2-7B0CB92E7064}
		{103EAECE-6434-45E0-A1ED-F354DEA6D8AB} = {223C9772-B80E-4851-A4A2-7B0CB92E7064}
		{AACFF427-4F8B-411C-B80F-8FA9BD1D48F5} = {223C9772-B80E-4851-A4A2-7B0CB92E7064}
		{1D53264D-5691-45EB-A215-D3312012556D} = {223C9772-B80E-4851-A4A2-7B0CB92E7064}
		{04D98206-1F47-4D08-940B-32E5B76D88AE} = {6C8A620E-75BE-4547-A644-F6C773CE941C}
		{51F4A998-0DEC-47C6-AA8C-22DCC1377EDF} = {EA0EB489-D1BD-48B6-AE91-7C680E478359}
		{94925666-9748-4726-A326-31F7D9AE24A2} = {EA0EB489-D1BD-48B6-AE91-7C680E478359}
		{4644F59D-F751-4C36-A4C8-0949588CD420} = {EA0EB489-D1BD-48B6-AE91-7C680E478359}
		{6493125E-D6DA-499F-B978-07199A04BA61} = {EA0EB489-D1BD-48B6-AE91-7C680E478359}
		{A43B3A02-E5AB-46A8-811A-2ECDFC14A6CE} = {EA0EB489-D1BD-48B6-AE91-7C680E478359}
		{AA2D69FE-0FD5-45BC-A2DD-0D644DAD14B1} = {09D89FD5-0458-431A-8267-04A651A4852F}
		{8D5F796E-F9C3-43DE-B703-EE3EE88D2B53} = {A43B3A02-E5AB-46A8-811A-2ECDFC14A6CE}
		{E5E3109D-C55E-413E-A433-739D0CA2A1BD} = {A43B3A02-E5AB-46A8-811A-2ECDFC14A6CE}
		{A0B58FDB-0B4A-4F78-9450-0821316DBCAF} = {A43B3A02-E5AB-46A8-811A-2ECDFC14A6CE}
		{223C9772-B80E-4851-A4A2-7B0CB92E7064} = {7600E0D3-2BBF-4CE1-BA15-30906977BA60}
		{A7BED68C-AC15-4C45-B6A1-C12663ED30E6} = {7600E0D3-2BBF-4CE1-BA15-30906977BA60}
		{09D89FD5-0458-431A-8267-04A651A4852F} = {7600E0D3-2BBF-4CE1-BA15-30906977BA60}
		{1849D0B5-2D15-4F97-A84C-3A0361BEE75E} = {223C9772-B80E-4851-A4A2-7B0CB92E7064}
		{E3F4352E-335B-407B-9CB2-C8F9CDDDFF79} = {223C9772-B80E-4851-A4A2-7B0CB92E7064}
		{89715AFD-9FC4-40C3-A994-F37F23F7DB21} = {A7BED68C-AC15-4C45-B6A1-C12663ED30E6}
		{F3412A22-5238-4999-A04D-767FBE91661B} = {A7BED68C-AC15-4C45-B6A1-C12663ED30E6}
		{8A59A105-72A0-4785-984A-81CE11E1BAE9} = {223C9772-B80E-4851-A4A2-7B0CB92E7064}
		{C4755393-A0BE-4C12-B715-ED47873558F4} = {223C9772-B80E-4851-A4A2-7B0CB92E7064}
		{7101F3C0-3F9A-40C8-8C6F-B38D8163890E} = {223C9772-B80E-4851-A4A2-7B0CB92E7064}
		{E44F853D-821F-49CB-BC10-FA1D4F1A7380} = {09D89FD5-0458-431A-8267-04A651A4852F}
		{3ED39A8B-161C-415C-9067-E49019BB752C} = {09D89FD5-0458-431A-8267-04A651A4852F}
		{CC05D740-9666-4D07-95F4-0506E2BD1AC6} = {09D89FD5-0458-431A-8267-04A651A4852F}
		{EEBFD0C4-DFEF-482F-8112-08E6155D4D43} = {09D89FD5-0458-431A-8267-04A651A4852F}
		{88E181DC-F343-4C5C-B6A9-B595D9E3F8E2} = {C796E180-8F5B-49EA-B877-CE525B1BA64C}
		{6EFA1648-88DE-4AE6-8203-4DB153E9B0D8} = {09D89FD5-0458-431A-8267-04A651A4852F}
		{88FDE7F6-B3E3-41CD-BAF6-1CA00FF43848} = {09D89FD5-0458-431A-8267-04A651A4852F}
	EndGlobalSection
	GlobalSection(ExtensibilityGlobals) = postSolution
		SolutionGuid = {25EFCCC9-D06F-4E4F-812E-9C006F6A319C}
	EndGlobalSection
EndGlobal
