
Microsoft Visual Studio Solution File, Format Version 12.00
# Visual Studio Version 16
VisualStudioVersion = 16.0.30804.86
MinimumVisualStudioVersion = 10.0.40219.1
Project("{2150E333-8FDC-42A3-9474-1A3956D46DE8}") = "01.Application", "01.Application", "{07A001D2-98D5-4BAD-AFF7-33670B074E23}"
EndProject
Project("{2150E333-8FDC-42A3-9474-1A3956D46DE8}") = "02.Platform", "02.Platform", "{AA33CF8E-F6EF-44B1-B416-EDEF1C4CFA50}"
EndProject
Project("{2150E333-8FDC-42A3-9474-1A3956D46DE8}") = "03.Domain", "03.Domain", "{62046819-8C86-40C1-BDE7-27D43A4303DB}"
EndProject
Project("{2150E333-8FDC-42A3-9474-1A3956D46DE8}") = "04.Kernel", "04.Kernel", "{9EEAA546-AEB2-48D9-ADB6-DED64B50AE71}"
EndProject
Project("{2150E333-8FDC-42A3-9474-1A3956D46DE8}") = "05.Framework", "05.Framework", "{5DE7911D-3E5C-4667-BE07-6A4A28888055}"
EndProject
Project("{9A19103F-16F7-4668-BE54-9A1E7A4F7556}") = "MDP.Data.SqlClient", "MDP.Data.SqlClient\MDP.Data.SqlClient.csproj", "{D7BCE63F-3C81-407D-87B9-413A69158DBF}"
EndProject
Project("{9A19103F-16F7-4668-BE54-9A1E7A4F7556}") = "MDP.IO", "MDP.IO\MDP.IO.csproj", "{5A74BFF9-A195-43AA-8C04-7A2A7D66FF4C}"
EndProject
Project("{2150E333-8FDC-42A3-9474-1A3956D46DE8}") = "01.Identity", "01.Identity", "{5D43099A-A886-4FBE-A878-32D5B42E2B44}"
EndProject
Project("{2150E333-8FDC-42A3-9474-1A3956D46DE8}") = "02.Remoting", "02.Remoting", "{F3C97DAA-AA5B-4F8E-BF38-D20FC2ACE4C0}"
EndProject
Project("{2150E333-8FDC-42A3-9474-1A3956D46DE8}") = "03.Scheduling", "03.Scheduling", "{6BEFDC11-F088-4EEC-9D5A-AD0BDF4962EB}"
EndProject
Project("{2150E333-8FDC-42A3-9474-1A3956D46DE8}") = "04.Infrastructure", "04.Infrastructure", "{49DCEC4E-6ADF-407C-8947-412B518ADDDF}"
EndProject
Project("{9A19103F-16F7-4668-BE54-9A1E7A4F7556}") = "MDP.Logging", "MDP.Logging\MDP.Logging.csproj", "{55D3DD4F-666D-4EAF-BCDF-2226759A3705}"
EndProject
Project("{9A19103F-16F7-4668-BE54-9A1E7A4F7556}") = "MDP.Logging.Log4net", "MDP.Logging.Log4net\MDP.Logging.Log4net.csproj", "{423F4EEE-678B-4E72-84D8-C26B6C32106C}"
EndProject
Project("{9A19103F-16F7-4668-BE54-9A1E7A4F7556}") = "MDP.Logging.NLog", "MDP.Logging.NLog\MDP.Logging.NLog.csproj", "{795F7B9D-0F59-40E9-B1E5-9B5AF14FA788}"
EndProject
Project("{9A19103F-16F7-4668-BE54-9A1E7A4F7556}") = "MDP.Settings", "MDP.Settings\MDP.Settings.csproj", "{695796ED-F0C9-4BFB-9542-2AD5F02E1DA9}"
EndProject
Project("{9A19103F-16F7-4668-BE54-9A1E7A4F7556}") = "MDP.Settings.Configuration", "MDP.Settings.Configuration\MDP.Settings.Configuration.csproj", "{7F7291E6-E6C8-48D8-AF27-F5E262984383}"
EndProject
Project("{9A19103F-16F7-4668-BE54-9A1E7A4F7556}") = "MDP.Transactions", "MDP.Transactions\MDP.Transactions.csproj", "{6BD2638A-78F5-4150-82D6-4855E424BEB0}"
EndProject
Project("{9A19103F-16F7-4668-BE54-9A1E7A4F7556}") = "MDP.Transactions.Database", "MDP.Transactions.Database\MDP.Transactions.Database.csproj", "{2B8AD87D-5F0B-4BC6-AE00-1EF5BD56AFB1}"
EndProject
Global
	GlobalSection(SolutionConfigurationPlatforms) = preSolution
		Debug|Any CPU = Debug|Any CPU
		Release|Any CPU = Release|Any CPU
	EndGlobalSection
	GlobalSection(ProjectConfigurationPlatforms) = postSolution
		{D7BCE63F-3C81-407D-87B9-413A69158DBF}.Debug|Any CPU.ActiveCfg = Debug|Any CPU
		{D7BCE63F-3C81-407D-87B9-413A69158DBF}.Debug|Any CPU.Build.0 = Debug|Any CPU
		{D7BCE63F-3C81-407D-87B9-413A69158DBF}.Release|Any CPU.ActiveCfg = Release|Any CPU
		{D7BCE63F-3C81-407D-87B9-413A69158DBF}.Release|Any CPU.Build.0 = Release|Any CPU
		{5A74BFF9-A195-43AA-8C04-7A2A7D66FF4C}.Debug|Any CPU.ActiveCfg = Debug|Any CPU
		{5A74BFF9-A195-43AA-8C04-7A2A7D66FF4C}.Debug|Any CPU.Build.0 = Debug|Any CPU
		{5A74BFF9-A195-43AA-8C04-7A2A7D66FF4C}.Release|Any CPU.ActiveCfg = Release|Any CPU
		{5A74BFF9-A195-43AA-8C04-7A2A7D66FF4C}.Release|Any CPU.Build.0 = Release|Any CPU
		{55D3DD4F-666D-4EAF-BCDF-2226759A3705}.Debug|Any CPU.ActiveCfg = Debug|Any CPU
		{55D3DD4F-666D-4EAF-BCDF-2226759A3705}.Debug|Any CPU.Build.0 = Debug|Any CPU
		{55D3DD4F-666D-4EAF-BCDF-2226759A3705}.Release|Any CPU.ActiveCfg = Release|Any CPU
		{55D3DD4F-666D-4EAF-BCDF-2226759A3705}.Release|Any CPU.Build.0 = Release|Any CPU
		{423F4EEE-678B-4E72-84D8-C26B6C32106C}.Debug|Any CPU.ActiveCfg = Debug|Any CPU
		{423F4EEE-678B-4E72-84D8-C26B6C32106C}.Debug|Any CPU.Build.0 = Debug|Any CPU
		{423F4EEE-678B-4E72-84D8-C26B6C32106C}.Release|Any CPU.ActiveCfg = Release|Any CPU
		{423F4EEE-678B-4E72-84D8-C26B6C32106C}.Release|Any CPU.Build.0 = Release|Any CPU
		{795F7B9D-0F59-40E9-B1E5-9B5AF14FA788}.Debug|Any CPU.ActiveCfg = Debug|Any CPU
		{795F7B9D-0F59-40E9-B1E5-9B5AF14FA788}.Debug|Any CPU.Build.0 = Debug|Any CPU
		{795F7B9D-0F59-40E9-B1E5-9B5AF14FA788}.Release|Any CPU.ActiveCfg = Release|Any CPU
		{795F7B9D-0F59-40E9-B1E5-9B5AF14FA788}.Release|Any CPU.Build.0 = Release|Any CPU
		{695796ED-F0C9-4BFB-9542-2AD5F02E1DA9}.Debug|Any CPU.ActiveCfg = Debug|Any CPU
		{695796ED-F0C9-4BFB-9542-2AD5F02E1DA9}.Debug|Any CPU.Build.0 = Debug|Any CPU
		{695796ED-F0C9-4BFB-9542-2AD5F02E1DA9}.Release|Any CPU.ActiveCfg = Release|Any CPU
		{695796ED-F0C9-4BFB-9542-2AD5F02E1DA9}.Release|Any CPU.Build.0 = Release|Any CPU
		{7F7291E6-E6C8-48D8-AF27-F5E262984383}.Debug|Any CPU.ActiveCfg = Debug|Any CPU
		{7F7291E6-E6C8-48D8-AF27-F5E262984383}.Debug|Any CPU.Build.0 = Debug|Any CPU
		{7F7291E6-E6C8-48D8-AF27-F5E262984383}.Release|Any CPU.ActiveCfg = Release|Any CPU
		{7F7291E6-E6C8-48D8-AF27-F5E262984383}.Release|Any CPU.Build.0 = Release|Any CPU
		{6BD2638A-78F5-4150-82D6-4855E424BEB0}.Debug|Any CPU.ActiveCfg = Debug|Any CPU
		{6BD2638A-78F5-4150-82D6-4855E424BEB0}.Debug|Any CPU.Build.0 = Debug|Any CPU
		{6BD2638A-78F5-4150-82D6-4855E424BEB0}.Release|Any CPU.ActiveCfg = Release|Any CPU
		{6BD2638A-78F5-4150-82D6-4855E424BEB0}.Release|Any CPU.Build.0 = Release|Any CPU
		{2B8AD87D-5F0B-4BC6-AE00-1EF5BD56AFB1}.Debug|Any CPU.ActiveCfg = Debug|Any CPU
		{2B8AD87D-5F0B-4BC6-AE00-1EF5BD56AFB1}.Debug|Any CPU.Build.0 = Debug|Any CPU
		{2B8AD87D-5F0B-4BC6-AE00-1EF5BD56AFB1}.Release|Any CPU.ActiveCfg = Release|Any CPU
		{2B8AD87D-5F0B-4BC6-AE00-1EF5BD56AFB1}.Release|Any CPU.Build.0 = Release|Any CPU
	EndGlobalSection
	GlobalSection(SolutionProperties) = preSolution
		HideSolutionNode = FALSE
	EndGlobalSection
	GlobalSection(NestedProjects) = preSolution
		{D7BCE63F-3C81-407D-87B9-413A69158DBF} = {5DE7911D-3E5C-4667-BE07-6A4A28888055}
		{5A74BFF9-A195-43AA-8C04-7A2A7D66FF4C} = {5DE7911D-3E5C-4667-BE07-6A4A28888055}
		{5D43099A-A886-4FBE-A878-32D5B42E2B44} = {62046819-8C86-40C1-BDE7-27D43A4303DB}
		{F3C97DAA-AA5B-4F8E-BF38-D20FC2ACE4C0} = {62046819-8C86-40C1-BDE7-27D43A4303DB}
		{6BEFDC11-F088-4EEC-9D5A-AD0BDF4962EB} = {62046819-8C86-40C1-BDE7-27D43A4303DB}
		{49DCEC4E-6ADF-407C-8947-412B518ADDDF} = {62046819-8C86-40C1-BDE7-27D43A4303DB}
		{55D3DD4F-666D-4EAF-BCDF-2226759A3705} = {49DCEC4E-6ADF-407C-8947-412B518ADDDF}
		{423F4EEE-678B-4E72-84D8-C26B6C32106C} = {49DCEC4E-6ADF-407C-8947-412B518ADDDF}
		{795F7B9D-0F59-40E9-B1E5-9B5AF14FA788} = {49DCEC4E-6ADF-407C-8947-412B518ADDDF}
		{695796ED-F0C9-4BFB-9542-2AD5F02E1DA9} = {49DCEC4E-6ADF-407C-8947-412B518ADDDF}
		{7F7291E6-E6C8-48D8-AF27-F5E262984383} = {49DCEC4E-6ADF-407C-8947-412B518ADDDF}
		{6BD2638A-78F5-4150-82D6-4855E424BEB0} = {49DCEC4E-6ADF-407C-8947-412B518ADDDF}
		{2B8AD87D-5F0B-4BC6-AE00-1EF5BD56AFB1} = {49DCEC4E-6ADF-407C-8947-412B518ADDDF}
	EndGlobalSection
	GlobalSection(ExtensibilityGlobals) = postSolution
		SolutionGuid = {DC26F968-1177-40DD-8D75-6EBF7C5B4B62}
	EndGlobalSection
EndGlobal
