
Microsoft Visual Studio Solution File, Format Version 12.00
# Visual Studio Version 17
VisualStudioVersion = 17.6.33815.320
MinimumVisualStudioVersion = 10.0.40219.1
Project("{2150E333-8FDC-42A3-9474-1A3956D46DE8}") = "04.Library", "04.Library", "{2F07455D-B4A7-4C69-8BC5-4F864C13344F}"
EndProject
Project("{2150E333-8FDC-42A3-9474-1A3956D46DE8}") = "03.Platform", "03.Platform", "{7D1269C3-E371-47FA-A33B-45B13FFACD99}"
EndProject
Project("{2150E333-8FDC-42A3-9474-1A3956D46DE8}") = "02.Abstraction", "02.Abstraction", "{2741AB00-0095-4001-8A22-2A8AD2FAE3D3}"
EndProject
Project("{2150E333-8FDC-42A3-9474-1A3956D46DE8}") = "01.Module", "01.Module", "{A99EA64E-C88E-4CCC-B6F6-10F42D2D0314}"
EndProject
Project("{9A19103F-16F7-4668-BE54-9A1E7A4F7556}") = "MDP.Configuration", "MDP.Configuration\MDP.Configuration.csproj", "{1EECF846-80DA-4831-BB28-324A609579E1}"
EndProject
Project("{9A19103F-16F7-4668-BE54-9A1E7A4F7556}") = "MDP.Registration", "MDP.Registration\MDP.Registration.csproj", "{EA65D725-E957-4D7E-83DE-D49254F392C8}"
EndProject
Project("{9A19103F-16F7-4668-BE54-9A1E7A4F7556}") = "MDP.Logging", "MDP.Logging\MDP.Logging.csproj", "{10A5CA4A-039E-4E6E-85B4-1FC74DFB5CEB}"
EndProject
Project("{9A19103F-16F7-4668-BE54-9A1E7A4F7556}") = "MDP.Tracing", "MDP.Tracing\MDP.Tracing.csproj", "{94DDD808-566B-4965-AF4C-F4479057C12B}"
EndProject
Project("{9A19103F-16F7-4668-BE54-9A1E7A4F7556}") = "MDP.Hosting", "MDP.Hosting\MDP.Hosting.csproj", "{6F05826B-0B81-4C51-872C-6A85E6BCE26D}"
EndProject
Project("{9A19103F-16F7-4668-BE54-9A1E7A4F7556}") = "MDP.Configuration.Lab", "MDP.Configuration.Lab\MDP.Configuration.Lab.csproj", "{1007B555-4E74-427B-BEE6-B65D5F32A8CE}"
EndProject
Project("{9A19103F-16F7-4668-BE54-9A1E7A4F7556}") = "MDP.Hosting.Lab", "MDP.Hosting.Lab\MDP.Hosting.Lab.csproj", "{09E15E4A-3E56-4DD8-B267-D6858F6D83B8}"
EndProject
Project("{9A19103F-16F7-4668-BE54-9A1E7A4F7556}") = "MDP.NetCore", "MDP.NetCore\MDP.NetCore.csproj", "{3DCD5372-B5ED-4C07-9617-3769A1C387D8}"
EndProject
Project("{9A19103F-16F7-4668-BE54-9A1E7A4F7556}") = "MDP.NetCore.Lab", "MDP.NetCore.Lab\MDP.NetCore.Lab.csproj", "{32B465F1-D1D9-4EA3-B9E8-64A0D702C174}"
EndProject
Project("{9A19103F-16F7-4668-BE54-9A1E7A4F7556}") = "MDP.AspNetCore", "MDP.AspNetCore\MDP.AspNetCore.csproj", "{C9D5640E-5B07-4223-9B84-A1407BA736AF}"
EndProject
Project("{9A19103F-16F7-4668-BE54-9A1E7A4F7556}") = "MDP.AspNetCore.Lab", "MDP.AspNetCore.Lab\MDP.AspNetCore.Lab.csproj", "{117E3B18-A29B-4C98-BE66-605DACDF071E}"
EndProject
Project("{2150E333-8FDC-42A3-9474-1A3956D46DE8}") = "Solution Items", "Solution Items", "{C575CBC1-0E02-4911-B27B-391AFEC00020}"
	ProjectSection(SolutionItems) = preProject
		.editorconfig = .editorconfig
	EndProjectSection
EndProject
Project("{9A19103F-16F7-4668-BE54-9A1E7A4F7556}") = "MDP.Logging.Log4net", "MDP.Logging.Log4net\MDP.Logging.Log4net.csproj", "{F59F28E6-C62C-4501-96CA-FE6512726785}"
EndProject
Project("{9A19103F-16F7-4668-BE54-9A1E7A4F7556}") = "MDP.Logging.Log4net.Lab", "MDP.Logging.Log4net.Lab\MDP.Logging.Log4net.Lab.csproj", "{B6BF11D3-A5BE-4AA1-ABC8-46FA6C0CD65B}"
EndProject
Project("{9A19103F-16F7-4668-BE54-9A1E7A4F7556}") = "MDP.Logging.NLog", "MDP.Logging.NLog\MDP.Logging.NLog.csproj", "{0C223621-BC1E-495A-9389-647CD862D40C}"
EndProject
Project("{9A19103F-16F7-4668-BE54-9A1E7A4F7556}") = "MDP.Logging.NLog.Lab", "MDP.Logging.NLog.Lab\MDP.Logging.NLog.Lab.csproj", "{729A7681-19DD-42F8-8D23-1F2AACFA4C66}"
EndProject
Project("{9A19103F-16F7-4668-BE54-9A1E7A4F7556}") = "MDP.Network.Http", "MDP.Network.Http\MDP.Network.Http.csproj", "{99503886-BF02-48FC-A4B5-8768268A1774}"
EndProject
Project("{9A19103F-16F7-4668-BE54-9A1E7A4F7556}") = "MDP.Network.Http.Lab", "MDP.Network.Http.Lab\MDP.Network.Http.Lab.csproj", "{D75075AD-5E3D-4478-A124-DF5AF9B80277}"
EndProject
Project("{2150E333-8FDC-42A3-9474-1A3956D46DE8}") = "MDP.Logging", "MDP.Logging", "{B3714627-1B73-4DB2-B5EA-F17B888F2039}"
EndProject
Project("{2150E333-8FDC-42A3-9474-1A3956D46DE8}") = "MDP.Network", "MDP.Network", "{75D4D864-D26A-41E5-825C-2E9640EAE7A2}"
EndProject
Project("{9A19103F-16F7-4668-BE54-9A1E7A4F7556}") = "MDP.Data.MSSql", "MDP.Data.MSSql\MDP.Data.MSSql.csproj", "{9DD73179-5933-49AC-90DD-87B9AD408B22}"
EndProject
Project("{9A19103F-16F7-4668-BE54-9A1E7A4F7556}") = "MDP.Data.MSSql.Lab", "MDP.Data.MSSql.Lab\MDP.Data.MSSql.Lab.csproj", "{DC802CA1-382B-4DCA-9A7F-6A4262150D1A}"
EndProject
Project("{2150E333-8FDC-42A3-9474-1A3956D46DE8}") = "MDP.Data", "MDP.Data", "{EE06068E-CD3A-46E9-8985-4CD56458C880}"
EndProject
Project("{9A19103F-16F7-4668-BE54-9A1E7A4F7556}") = "MDP.Logging.Serilog", "MDP.Logging.Serilog\MDP.Logging.Serilog.csproj", "{417961E2-E87B-45C3-B0E3-4F70220AFE30}"
EndProject
Project("{9A19103F-16F7-4668-BE54-9A1E7A4F7556}") = "MDP.Logging.Serilog.Lab", "MDP.Logging.Serilog.Lab\MDP.Logging.Serilog.Lab.csproj", "{DBBD72DE-426F-4385-8326-1D2289306401}"
EndProject
Project("{9A19103F-16F7-4668-BE54-9A1E7A4F7556}") = "MDP.Network.Http.Azure", "MDP.Network.Http.Azure\MDP.Network.Http.Azure.csproj", "{791EB3E3-F27F-4D1F-9D77-FB2CCB45BFC0}"
EndProject
Project("{9A19103F-16F7-4668-BE54-9A1E7A4F7556}") = "MDP.Domain", "MDP.Domain\MDP.Domain.csproj", "{54FA9266-5FC9-4045-814C-566EE5A2C636}"
EndProject
Project("{9A19103F-16F7-4668-BE54-9A1E7A4F7556}") = "MDP.Data.MSSql.Azure", "MDP.Data.MSSql.Azure\MDP.Data.MSSql.Azure.csproj", "{BCA59BBA-CAC7-4D04-A32D-248EE9321322}"
EndProject
Project("{9A19103F-16F7-4668-BE54-9A1E7A4F7556}") = "MDP.Text.Json", "MDP.Text.Json\MDP.Text.Json.csproj", "{079E2784-B4FF-4C58-94CA-7E7008F301F7}"
EndProject
Project("{9A19103F-16F7-4668-BE54-9A1E7A4F7556}") = "MDP.IO", "MDP.IO\MDP.IO.csproj", "{3ED946DB-0CA5-472E-B39E-1357D72BE799}"
EndProject
Project("{9A19103F-16F7-4668-BE54-9A1E7A4F7556}") = "MDP.IO.Lab", "MDP.IO.Lab\MDP.IO.Lab.csproj", "{2598BAC0-516B-4A7D-8DB9-D2ACC6041DB0}"
EndProject
Project("{9A19103F-16F7-4668-BE54-9A1E7A4F7556}") = "MDP.Reflection", "MDP.Reflection\MDP.Reflection.csproj", "{9690FCAD-A039-4191-8EDC-20225D998A5E}"
EndProject
Project("{9A19103F-16F7-4668-BE54-9A1E7A4F7556}") = "MDP.Reflection.Lab", "MDP.Reflection.Lab\MDP.Reflection.Lab.csproj", "{EBFE1A28-19EF-4369-9FF1-F24125B6EACE}"
EndProject
Project("{9A19103F-16F7-4668-BE54-9A1E7A4F7556}") = "MDP.Text.Json.Lab", "MDP.Text.Json.Lab\MDP.Text.Json.Lab.csproj", "{71C2D6C4-902F-44BB-8E76-E562E1FD4C65}"
EndProject
Project("{9A19103F-16F7-4668-BE54-9A1E7A4F7556}") = "MDP.Diagnostics", "MDP.Diagnostics\MDP.Diagnostics.csproj", "{EEB4DA2D-157C-4DCA-BD13-DE0DAFA23827}"
EndProject
Project("{9A19103F-16F7-4668-BE54-9A1E7A4F7556}") = "MDP.Diagnostics.Lab", "MDP.Diagnostics.Lab\MDP.Diagnostics.Lab.csproj", "{720B9FDD-D331-40D6-B4B8-25ADE7CE50E1}"
EndProject
Project("{9A19103F-16F7-4668-BE54-9A1E7A4F7556}") = "MDP.Caching.Memory", "MDP.Caching.Memory\MDP.Caching.Memory.csproj", "{45B8811B-C37A-452A-A49A-DB05BD691A6E}"
EndProject
Project("{9A19103F-16F7-4668-BE54-9A1E7A4F7556}") = "MDP.Caching.Memory.Lab", "MDP.Caching.Memory.Lab\MDP.Caching.Memory.Lab.csproj", "{DFB23C79-D384-44E2-9C0F-A8C7DEEBFD43}"
EndProject
Project("{9A19103F-16F7-4668-BE54-9A1E7A4F7556}") = "MDP.Domain.Lab", "MDP.Domain.Lab\MDP.Domain.Lab.csproj", "{EA40689B-D523-46C5-9B2C-6211DFE19068}"
EndProject
Project("{9A19103F-16F7-4668-BE54-9A1E7A4F7556}") = "MDP.Mocks", "MDP.Mocks\MDP.Mocks.csproj", "{1562C0C4-7EFD-4B00-B3E8-288104E3EA3F}"
EndProject
Project("{9A19103F-16F7-4668-BE54-9A1E7A4F7556}") = "MDP.Mocks.Lab", "MDP.Mocks.Lab\MDP.Mocks.Lab.csproj", "{1C6FDDBF-316A-402B-B53D-EC2B29A5617A}"
EndProject
Project("{2150E333-8FDC-42A3-9474-1A3956D46DE8}") = "MDP.Security", "MDP.Security", "{E97EA41B-2FC4-4716-9444-F9CF571A0EA8}"
EndProject
Project("{9A19103F-16F7-4668-BE54-9A1E7A4F7556}") = "MDP.Security.Credentials.Azure", "MDP.Security.Credentials.Azure\MDP.Security.Credentials.Azure.csproj", "{49334810-ADD5-4739-AAB6-D11E2FADB1D3}"
EndProject
Project("{9A19103F-16F7-4668-BE54-9A1E7A4F7556}") = "MDP.Security.Credentials.Azure.Lab", "MDP.Security.Credentials.Azure.Lab\MDP.Security.Credentials.Azure.Lab.csproj", "{DD55FA84-6BFB-458F-8930-9A7DD1C97CDA}"
EndProject
Project("{9A19103F-16F7-4668-BE54-9A1E7A4F7556}") = "MDP.Security.Claims", "MDP.Security.Claims\MDP.Security.Claims.csproj", "{8926840F-859B-42ED-8834-46F0D38CC812}"
EndProject
Project("{9A19103F-16F7-4668-BE54-9A1E7A4F7556}") = "MDP.Security.Claims.Lab", "MDP.Security.Claims.Lab\MDP.Security.Claims.Lab.csproj", "{5F908BA2-0CD5-4FCD-9901-17178A075546}"
EndProject
Project("{9A19103F-16F7-4668-BE54-9A1E7A4F7556}") = "MDP.Security.Tokens.Jwt", "MDP.Security.Tokens.Jwt\MDP.Security.Tokens.Jwt.csproj", "{3159AAAA-F115-47F3-A923-9B9A3A167D94}"
EndProject
Project("{9A19103F-16F7-4668-BE54-9A1E7A4F7556}") = "MDP.Security.Tokens.Jwt.Lab", "MDP.Security.Tokens.Jwt.Lab\MDP.Security.Tokens.Jwt.Lab.csproj", "{0D42F366-5168-4D8A-B028-40460B0152D9}"
EndProject
Project("{9A19103F-16F7-4668-BE54-9A1E7A4F7556}") = "MDP.BlazorCore", "MDP.BlazorCore\MDP.BlazorCore.csproj", "{56A4B93A-01B3-44B6-A9A0-6FA8610D6022}"
EndProject
Project("{2150E333-8FDC-42A3-9474-1A3956D46DE8}") = "02.MDP.BlazorCore", "02.MDP.BlazorCore", "{5B66705A-1369-4506-A977-D81722B87F31}"
EndProject
Project("{9A19103F-16F7-4668-BE54-9A1E7A4F7556}") = "MDP.BlazorCore.Maui", "MDP.BlazorCore.Maui\MDP.BlazorCore.Maui.csproj", "{D80EB5DA-B4FF-4E1C-84D7-4842D8933670}"
EndProject
Project("{9A19103F-16F7-4668-BE54-9A1E7A4F7556}") = "MDP.BlazorCore.Web", "MDP.BlazorCore.Web\MDP.BlazorCore.Web.csproj", "{CCE6BE26-E3D6-4C99-A537-88BC8E19C1D7}"
EndProject
Project("{9A19103F-16F7-4668-BE54-9A1E7A4F7556}") = "MDP.BlazorCore.Web.Lab", "MDP.BlazorCore.Web.Lab\MDP.BlazorCore.Web.Lab.csproj", "{699BCB75-3804-4777-8C3C-071A2F445E13}"
EndProject
Project("{9A19103F-16F7-4668-BE54-9A1E7A4F7556}") = "MDP.BlazorCore.Lab", "MDP.BlazorCore.Lab\MDP.BlazorCore.Lab.csproj", "{81BB8D9E-7DD2-4F29-B34C-FB8E71B2C37C}"
EndProject
Project("{FAE04EC0-301F-11D3-BF4B-00C04F79EFBC}") = "MDP.BlazorCore.Maui.Lab", "MDP.BlazorCore.Maui.Lab\MDP.BlazorCore.Maui.Lab.csproj", "{C868B19A-583A-4982-9E84-65BA0411C87F}"
EndProject
Project("{2150E333-8FDC-42A3-9474-1A3956D46DE8}") = "01.MDP.AspNetCore", "01.MDP.AspNetCore", "{1C2735CD-E108-4857-8A78-093688944EAE}"
EndProject
Global
	GlobalSection(SolutionConfigurationPlatforms) = preSolution
		Debug|Any CPU = Debug|Any CPU
		Release|Any CPU = Release|Any CPU
	EndGlobalSection
	GlobalSection(ProjectConfigurationPlatforms) = postSolution
		{1EECF846-80DA-4831-BB28-324A609579E1}.Debug|Any CPU.ActiveCfg = Debug|Any CPU
		{1EECF846-80DA-4831-BB28-324A609579E1}.Debug|Any CPU.Build.0 = Debug|Any CPU
		{1EECF846-80DA-4831-BB28-324A609579E1}.Release|Any CPU.ActiveCfg = Release|Any CPU
		{1EECF846-80DA-4831-BB28-324A609579E1}.Release|Any CPU.Build.0 = Release|Any CPU
		{EA65D725-E957-4D7E-83DE-D49254F392C8}.Debug|Any CPU.ActiveCfg = Debug|Any CPU
		{EA65D725-E957-4D7E-83DE-D49254F392C8}.Debug|Any CPU.Build.0 = Debug|Any CPU
		{EA65D725-E957-4D7E-83DE-D49254F392C8}.Release|Any CPU.ActiveCfg = Release|Any CPU
		{EA65D725-E957-4D7E-83DE-D49254F392C8}.Release|Any CPU.Build.0 = Release|Any CPU
		{10A5CA4A-039E-4E6E-85B4-1FC74DFB5CEB}.Debug|Any CPU.ActiveCfg = Debug|Any CPU
		{10A5CA4A-039E-4E6E-85B4-1FC74DFB5CEB}.Debug|Any CPU.Build.0 = Debug|Any CPU
		{10A5CA4A-039E-4E6E-85B4-1FC74DFB5CEB}.Release|Any CPU.ActiveCfg = Release|Any CPU
		{10A5CA4A-039E-4E6E-85B4-1FC74DFB5CEB}.Release|Any CPU.Build.0 = Release|Any CPU
		{94DDD808-566B-4965-AF4C-F4479057C12B}.Debug|Any CPU.ActiveCfg = Debug|Any CPU
		{94DDD808-566B-4965-AF4C-F4479057C12B}.Debug|Any CPU.Build.0 = Debug|Any CPU
		{94DDD808-566B-4965-AF4C-F4479057C12B}.Release|Any CPU.ActiveCfg = Release|Any CPU
		{94DDD808-566B-4965-AF4C-F4479057C12B}.Release|Any CPU.Build.0 = Release|Any CPU
		{6F05826B-0B81-4C51-872C-6A85E6BCE26D}.Debug|Any CPU.ActiveCfg = Debug|Any CPU
		{6F05826B-0B81-4C51-872C-6A85E6BCE26D}.Debug|Any CPU.Build.0 = Debug|Any CPU
		{6F05826B-0B81-4C51-872C-6A85E6BCE26D}.Release|Any CPU.ActiveCfg = Release|Any CPU
		{6F05826B-0B81-4C51-872C-6A85E6BCE26D}.Release|Any CPU.Build.0 = Release|Any CPU
		{1007B555-4E74-427B-BEE6-B65D5F32A8CE}.Debug|Any CPU.ActiveCfg = Debug|Any CPU
		{1007B555-4E74-427B-BEE6-B65D5F32A8CE}.Debug|Any CPU.Build.0 = Debug|Any CPU
		{1007B555-4E74-427B-BEE6-B65D5F32A8CE}.Release|Any CPU.ActiveCfg = Release|Any CPU
		{1007B555-4E74-427B-BEE6-B65D5F32A8CE}.Release|Any CPU.Build.0 = Release|Any CPU
		{09E15E4A-3E56-4DD8-B267-D6858F6D83B8}.Debug|Any CPU.ActiveCfg = Debug|Any CPU
		{09E15E4A-3E56-4DD8-B267-D6858F6D83B8}.Debug|Any CPU.Build.0 = Debug|Any CPU
		{09E15E4A-3E56-4DD8-B267-D6858F6D83B8}.Release|Any CPU.ActiveCfg = Release|Any CPU
		{09E15E4A-3E56-4DD8-B267-D6858F6D83B8}.Release|Any CPU.Build.0 = Release|Any CPU
		{3DCD5372-B5ED-4C07-9617-3769A1C387D8}.Debug|Any CPU.ActiveCfg = Debug|Any CPU
		{3DCD5372-B5ED-4C07-9617-3769A1C387D8}.Debug|Any CPU.Build.0 = Debug|Any CPU
		{3DCD5372-B5ED-4C07-9617-3769A1C387D8}.Release|Any CPU.ActiveCfg = Release|Any CPU
		{3DCD5372-B5ED-4C07-9617-3769A1C387D8}.Release|Any CPU.Build.0 = Release|Any CPU
		{32B465F1-D1D9-4EA3-B9E8-64A0D702C174}.Debug|Any CPU.ActiveCfg = Debug|Any CPU
		{32B465F1-D1D9-4EA3-B9E8-64A0D702C174}.Debug|Any CPU.Build.0 = Debug|Any CPU
		{32B465F1-D1D9-4EA3-B9E8-64A0D702C174}.Release|Any CPU.ActiveCfg = Release|Any CPU
		{32B465F1-D1D9-4EA3-B9E8-64A0D702C174}.Release|Any CPU.Build.0 = Release|Any CPU
		{C9D5640E-5B07-4223-9B84-A1407BA736AF}.Debug|Any CPU.ActiveCfg = Debug|Any CPU
		{C9D5640E-5B07-4223-9B84-A1407BA736AF}.Debug|Any CPU.Build.0 = Debug|Any CPU
		{C9D5640E-5B07-4223-9B84-A1407BA736AF}.Release|Any CPU.ActiveCfg = Release|Any CPU
		{C9D5640E-5B07-4223-9B84-A1407BA736AF}.Release|Any CPU.Build.0 = Release|Any CPU
		{117E3B18-A29B-4C98-BE66-605DACDF071E}.Debug|Any CPU.ActiveCfg = Debug|Any CPU
		{117E3B18-A29B-4C98-BE66-605DACDF071E}.Debug|Any CPU.Build.0 = Debug|Any CPU
		{117E3B18-A29B-4C98-BE66-605DACDF071E}.Release|Any CPU.ActiveCfg = Release|Any CPU
		{117E3B18-A29B-4C98-BE66-605DACDF071E}.Release|Any CPU.Build.0 = Release|Any CPU
		{F59F28E6-C62C-4501-96CA-FE6512726785}.Debug|Any CPU.ActiveCfg = Debug|Any CPU
		{F59F28E6-C62C-4501-96CA-FE6512726785}.Debug|Any CPU.Build.0 = Debug|Any CPU
		{F59F28E6-C62C-4501-96CA-FE6512726785}.Release|Any CPU.ActiveCfg = Release|Any CPU
		{F59F28E6-C62C-4501-96CA-FE6512726785}.Release|Any CPU.Build.0 = Release|Any CPU
		{B6BF11D3-A5BE-4AA1-ABC8-46FA6C0CD65B}.Debug|Any CPU.ActiveCfg = Debug|Any CPU
		{B6BF11D3-A5BE-4AA1-ABC8-46FA6C0CD65B}.Debug|Any CPU.Build.0 = Debug|Any CPU
		{B6BF11D3-A5BE-4AA1-ABC8-46FA6C0CD65B}.Release|Any CPU.ActiveCfg = Release|Any CPU
		{B6BF11D3-A5BE-4AA1-ABC8-46FA6C0CD65B}.Release|Any CPU.Build.0 = Release|Any CPU
		{0C223621-BC1E-495A-9389-647CD862D40C}.Debug|Any CPU.ActiveCfg = Debug|Any CPU
		{0C223621-BC1E-495A-9389-647CD862D40C}.Debug|Any CPU.Build.0 = Debug|Any CPU
		{0C223621-BC1E-495A-9389-647CD862D40C}.Release|Any CPU.ActiveCfg = Release|Any CPU
		{0C223621-BC1E-495A-9389-647CD862D40C}.Release|Any CPU.Build.0 = Release|Any CPU
		{729A7681-19DD-42F8-8D23-1F2AACFA4C66}.Debug|Any CPU.ActiveCfg = Debug|Any CPU
		{729A7681-19DD-42F8-8D23-1F2AACFA4C66}.Debug|Any CPU.Build.0 = Debug|Any CPU
		{729A7681-19DD-42F8-8D23-1F2AACFA4C66}.Release|Any CPU.ActiveCfg = Release|Any CPU
		{729A7681-19DD-42F8-8D23-1F2AACFA4C66}.Release|Any CPU.Build.0 = Release|Any CPU
		{99503886-BF02-48FC-A4B5-8768268A1774}.Debug|Any CPU.ActiveCfg = Debug|Any CPU
		{99503886-BF02-48FC-A4B5-8768268A1774}.Debug|Any CPU.Build.0 = Debug|Any CPU
		{99503886-BF02-48FC-A4B5-8768268A1774}.Release|Any CPU.ActiveCfg = Release|Any CPU
		{99503886-BF02-48FC-A4B5-8768268A1774}.Release|Any CPU.Build.0 = Release|Any CPU
		{D75075AD-5E3D-4478-A124-DF5AF9B80277}.Debug|Any CPU.ActiveCfg = Debug|Any CPU
		{D75075AD-5E3D-4478-A124-DF5AF9B80277}.Debug|Any CPU.Build.0 = Debug|Any CPU
		{D75075AD-5E3D-4478-A124-DF5AF9B80277}.Release|Any CPU.ActiveCfg = Release|Any CPU
		{D75075AD-5E3D-4478-A124-DF5AF9B80277}.Release|Any CPU.Build.0 = Release|Any CPU
		{9DD73179-5933-49AC-90DD-87B9AD408B22}.Debug|Any CPU.ActiveCfg = Debug|Any CPU
		{9DD73179-5933-49AC-90DD-87B9AD408B22}.Debug|Any CPU.Build.0 = Debug|Any CPU
		{9DD73179-5933-49AC-90DD-87B9AD408B22}.Release|Any CPU.ActiveCfg = Release|Any CPU
		{9DD73179-5933-49AC-90DD-87B9AD408B22}.Release|Any CPU.Build.0 = Release|Any CPU
		{DC802CA1-382B-4DCA-9A7F-6A4262150D1A}.Debug|Any CPU.ActiveCfg = Debug|Any CPU
		{DC802CA1-382B-4DCA-9A7F-6A4262150D1A}.Debug|Any CPU.Build.0 = Debug|Any CPU
		{DC802CA1-382B-4DCA-9A7F-6A4262150D1A}.Release|Any CPU.ActiveCfg = Release|Any CPU
		{DC802CA1-382B-4DCA-9A7F-6A4262150D1A}.Release|Any CPU.Build.0 = Release|Any CPU
		{417961E2-E87B-45C3-B0E3-4F70220AFE30}.Debug|Any CPU.ActiveCfg = Debug|Any CPU
		{417961E2-E87B-45C3-B0E3-4F70220AFE30}.Debug|Any CPU.Build.0 = Debug|Any CPU
		{417961E2-E87B-45C3-B0E3-4F70220AFE30}.Release|Any CPU.ActiveCfg = Release|Any CPU
		{417961E2-E87B-45C3-B0E3-4F70220AFE30}.Release|Any CPU.Build.0 = Release|Any CPU
		{DBBD72DE-426F-4385-8326-1D2289306401}.Debug|Any CPU.ActiveCfg = Debug|Any CPU
		{DBBD72DE-426F-4385-8326-1D2289306401}.Debug|Any CPU.Build.0 = Debug|Any CPU
		{DBBD72DE-426F-4385-8326-1D2289306401}.Release|Any CPU.ActiveCfg = Release|Any CPU
		{DBBD72DE-426F-4385-8326-1D2289306401}.Release|Any CPU.Build.0 = Release|Any CPU
		{791EB3E3-F27F-4D1F-9D77-FB2CCB45BFC0}.Debug|Any CPU.ActiveCfg = Debug|Any CPU
		{791EB3E3-F27F-4D1F-9D77-FB2CCB45BFC0}.Debug|Any CPU.Build.0 = Debug|Any CPU
		{791EB3E3-F27F-4D1F-9D77-FB2CCB45BFC0}.Release|Any CPU.ActiveCfg = Release|Any CPU
		{791EB3E3-F27F-4D1F-9D77-FB2CCB45BFC0}.Release|Any CPU.Build.0 = Release|Any CPU
		{54FA9266-5FC9-4045-814C-566EE5A2C636}.Debug|Any CPU.ActiveCfg = Debug|Any CPU
		{54FA9266-5FC9-4045-814C-566EE5A2C636}.Debug|Any CPU.Build.0 = Debug|Any CPU
		{54FA9266-5FC9-4045-814C-566EE5A2C636}.Release|Any CPU.ActiveCfg = Release|Any CPU
		{54FA9266-5FC9-4045-814C-566EE5A2C636}.Release|Any CPU.Build.0 = Release|Any CPU
		{BCA59BBA-CAC7-4D04-A32D-248EE9321322}.Debug|Any CPU.ActiveCfg = Debug|Any CPU
		{BCA59BBA-CAC7-4D04-A32D-248EE9321322}.Debug|Any CPU.Build.0 = Debug|Any CPU
		{BCA59BBA-CAC7-4D04-A32D-248EE9321322}.Release|Any CPU.ActiveCfg = Release|Any CPU
		{BCA59BBA-CAC7-4D04-A32D-248EE9321322}.Release|Any CPU.Build.0 = Release|Any CPU
		{079E2784-B4FF-4C58-94CA-7E7008F301F7}.Debug|Any CPU.ActiveCfg = Debug|Any CPU
		{079E2784-B4FF-4C58-94CA-7E7008F301F7}.Debug|Any CPU.Build.0 = Debug|Any CPU
		{079E2784-B4FF-4C58-94CA-7E7008F301F7}.Release|Any CPU.ActiveCfg = Release|Any CPU
		{079E2784-B4FF-4C58-94CA-7E7008F301F7}.Release|Any CPU.Build.0 = Release|Any CPU
		{3ED946DB-0CA5-472E-B39E-1357D72BE799}.Debug|Any CPU.ActiveCfg = Debug|Any CPU
		{3ED946DB-0CA5-472E-B39E-1357D72BE799}.Debug|Any CPU.Build.0 = Debug|Any CPU
		{3ED946DB-0CA5-472E-B39E-1357D72BE799}.Release|Any CPU.ActiveCfg = Release|Any CPU
		{3ED946DB-0CA5-472E-B39E-1357D72BE799}.Release|Any CPU.Build.0 = Release|Any CPU
		{2598BAC0-516B-4A7D-8DB9-D2ACC6041DB0}.Debug|Any CPU.ActiveCfg = Debug|Any CPU
		{2598BAC0-516B-4A7D-8DB9-D2ACC6041DB0}.Debug|Any CPU.Build.0 = Debug|Any CPU
		{2598BAC0-516B-4A7D-8DB9-D2ACC6041DB0}.Release|Any CPU.ActiveCfg = Release|Any CPU
		{2598BAC0-516B-4A7D-8DB9-D2ACC6041DB0}.Release|Any CPU.Build.0 = Release|Any CPU
		{9690FCAD-A039-4191-8EDC-20225D998A5E}.Debug|Any CPU.ActiveCfg = Debug|Any CPU
		{9690FCAD-A039-4191-8EDC-20225D998A5E}.Debug|Any CPU.Build.0 = Debug|Any CPU
		{9690FCAD-A039-4191-8EDC-20225D998A5E}.Release|Any CPU.ActiveCfg = Release|Any CPU
		{9690FCAD-A039-4191-8EDC-20225D998A5E}.Release|Any CPU.Build.0 = Release|Any CPU
		{EBFE1A28-19EF-4369-9FF1-F24125B6EACE}.Debug|Any CPU.ActiveCfg = Debug|Any CPU
		{EBFE1A28-19EF-4369-9FF1-F24125B6EACE}.Debug|Any CPU.Build.0 = Debug|Any CPU
		{EBFE1A28-19EF-4369-9FF1-F24125B6EACE}.Release|Any CPU.ActiveCfg = Release|Any CPU
		{EBFE1A28-19EF-4369-9FF1-F24125B6EACE}.Release|Any CPU.Build.0 = Release|Any CPU
		{71C2D6C4-902F-44BB-8E76-E562E1FD4C65}.Debug|Any CPU.ActiveCfg = Debug|Any CPU
		{71C2D6C4-902F-44BB-8E76-E562E1FD4C65}.Debug|Any CPU.Build.0 = Debug|Any CPU
		{71C2D6C4-902F-44BB-8E76-E562E1FD4C65}.Release|Any CPU.ActiveCfg = Release|Any CPU
		{71C2D6C4-902F-44BB-8E76-E562E1FD4C65}.Release|Any CPU.Build.0 = Release|Any CPU
		{EEB4DA2D-157C-4DCA-BD13-DE0DAFA23827}.Debug|Any CPU.ActiveCfg = Debug|Any CPU
		{EEB4DA2D-157C-4DCA-BD13-DE0DAFA23827}.Debug|Any CPU.Build.0 = Debug|Any CPU
		{EEB4DA2D-157C-4DCA-BD13-DE0DAFA23827}.Release|Any CPU.ActiveCfg = Release|Any CPU
		{EEB4DA2D-157C-4DCA-BD13-DE0DAFA23827}.Release|Any CPU.Build.0 = Release|Any CPU
		{720B9FDD-D331-40D6-B4B8-25ADE7CE50E1}.Debug|Any CPU.ActiveCfg = Debug|Any CPU
		{720B9FDD-D331-40D6-B4B8-25ADE7CE50E1}.Debug|Any CPU.Build.0 = Debug|Any CPU
		{720B9FDD-D331-40D6-B4B8-25ADE7CE50E1}.Release|Any CPU.ActiveCfg = Release|Any CPU
		{720B9FDD-D331-40D6-B4B8-25ADE7CE50E1}.Release|Any CPU.Build.0 = Release|Any CPU
		{45B8811B-C37A-452A-A49A-DB05BD691A6E}.Debug|Any CPU.ActiveCfg = Debug|Any CPU
		{45B8811B-C37A-452A-A49A-DB05BD691A6E}.Debug|Any CPU.Build.0 = Debug|Any CPU
		{45B8811B-C37A-452A-A49A-DB05BD691A6E}.Release|Any CPU.ActiveCfg = Release|Any CPU
		{45B8811B-C37A-452A-A49A-DB05BD691A6E}.Release|Any CPU.Build.0 = Release|Any CPU
		{DFB23C79-D384-44E2-9C0F-A8C7DEEBFD43}.Debug|Any CPU.ActiveCfg = Debug|Any CPU
		{DFB23C79-D384-44E2-9C0F-A8C7DEEBFD43}.Debug|Any CPU.Build.0 = Debug|Any CPU
		{DFB23C79-D384-44E2-9C0F-A8C7DEEBFD43}.Release|Any CPU.ActiveCfg = Release|Any CPU
		{DFB23C79-D384-44E2-9C0F-A8C7DEEBFD43}.Release|Any CPU.Build.0 = Release|Any CPU
		{EA40689B-D523-46C5-9B2C-6211DFE19068}.Debug|Any CPU.ActiveCfg = Debug|Any CPU
		{EA40689B-D523-46C5-9B2C-6211DFE19068}.Debug|Any CPU.Build.0 = Debug|Any CPU
		{EA40689B-D523-46C5-9B2C-6211DFE19068}.Release|Any CPU.ActiveCfg = Release|Any CPU
		{EA40689B-D523-46C5-9B2C-6211DFE19068}.Release|Any CPU.Build.0 = Release|Any CPU
		{1562C0C4-7EFD-4B00-B3E8-288104E3EA3F}.Debug|Any CPU.ActiveCfg = Debug|Any CPU
		{1562C0C4-7EFD-4B00-B3E8-288104E3EA3F}.Debug|Any CPU.Build.0 = Debug|Any CPU
		{1562C0C4-7EFD-4B00-B3E8-288104E3EA3F}.Release|Any CPU.ActiveCfg = Release|Any CPU
		{1562C0C4-7EFD-4B00-B3E8-288104E3EA3F}.Release|Any CPU.Build.0 = Release|Any CPU
		{1C6FDDBF-316A-402B-B53D-EC2B29A5617A}.Debug|Any CPU.ActiveCfg = Debug|Any CPU
		{1C6FDDBF-316A-402B-B53D-EC2B29A5617A}.Debug|Any CPU.Build.0 = Debug|Any CPU
		{1C6FDDBF-316A-402B-B53D-EC2B29A5617A}.Release|Any CPU.ActiveCfg = Release|Any CPU
		{1C6FDDBF-316A-402B-B53D-EC2B29A5617A}.Release|Any CPU.Build.0 = Release|Any CPU
		{49334810-ADD5-4739-AAB6-D11E2FADB1D3}.Debug|Any CPU.ActiveCfg = Debug|Any CPU
		{49334810-ADD5-4739-AAB6-D11E2FADB1D3}.Debug|Any CPU.Build.0 = Debug|Any CPU
		{49334810-ADD5-4739-AAB6-D11E2FADB1D3}.Release|Any CPU.ActiveCfg = Release|Any CPU
		{49334810-ADD5-4739-AAB6-D11E2FADB1D3}.Release|Any CPU.Build.0 = Release|Any CPU
		{DD55FA84-6BFB-458F-8930-9A7DD1C97CDA}.Debug|Any CPU.ActiveCfg = Debug|Any CPU
		{DD55FA84-6BFB-458F-8930-9A7DD1C97CDA}.Debug|Any CPU.Build.0 = Debug|Any CPU
		{DD55FA84-6BFB-458F-8930-9A7DD1C97CDA}.Release|Any CPU.ActiveCfg = Release|Any CPU
		{DD55FA84-6BFB-458F-8930-9A7DD1C97CDA}.Release|Any CPU.Build.0 = Release|Any CPU
		{8926840F-859B-42ED-8834-46F0D38CC812}.Debug|Any CPU.ActiveCfg = Debug|Any CPU
		{8926840F-859B-42ED-8834-46F0D38CC812}.Debug|Any CPU.Build.0 = Debug|Any CPU
		{8926840F-859B-42ED-8834-46F0D38CC812}.Release|Any CPU.ActiveCfg = Release|Any CPU
		{8926840F-859B-42ED-8834-46F0D38CC812}.Release|Any CPU.Build.0 = Release|Any CPU
		{5F908BA2-0CD5-4FCD-9901-17178A075546}.Debug|Any CPU.ActiveCfg = Debug|Any CPU
		{5F908BA2-0CD5-4FCD-9901-17178A075546}.Debug|Any CPU.Build.0 = Debug|Any CPU
		{5F908BA2-0CD5-4FCD-9901-17178A075546}.Release|Any CPU.ActiveCfg = Release|Any CPU
		{5F908BA2-0CD5-4FCD-9901-17178A075546}.Release|Any CPU.Build.0 = Release|Any CPU
		{3159AAAA-F115-47F3-A923-9B9A3A167D94}.Debug|Any CPU.ActiveCfg = Debug|Any CPU
		{3159AAAA-F115-47F3-A923-9B9A3A167D94}.Debug|Any CPU.Build.0 = Debug|Any CPU
		{3159AAAA-F115-47F3-A923-9B9A3A167D94}.Release|Any CPU.ActiveCfg = Release|Any CPU
		{3159AAAA-F115-47F3-A923-9B9A3A167D94}.Release|Any CPU.Build.0 = Release|Any CPU
		{0D42F366-5168-4D8A-B028-40460B0152D9}.Debug|Any CPU.ActiveCfg = Debug|Any CPU
		{0D42F366-5168-4D8A-B028-40460B0152D9}.Debug|Any CPU.Build.0 = Debug|Any CPU
		{0D42F366-5168-4D8A-B028-40460B0152D9}.Release|Any CPU.ActiveCfg = Release|Any CPU
		{0D42F366-5168-4D8A-B028-40460B0152D9}.Release|Any CPU.Build.0 = Release|Any CPU
		{56A4B93A-01B3-44B6-A9A0-6FA8610D6022}.Debug|Any CPU.ActiveCfg = Debug|Any CPU
		{56A4B93A-01B3-44B6-A9A0-6FA8610D6022}.Debug|Any CPU.Build.0 = Debug|Any CPU
		{56A4B93A-01B3-44B6-A9A0-6FA8610D6022}.Release|Any CPU.ActiveCfg = Release|Any CPU
		{56A4B93A-01B3-44B6-A9A0-6FA8610D6022}.Release|Any CPU.Build.0 = Release|Any CPU
		{D80EB5DA-B4FF-4E1C-84D7-4842D8933670}.Debug|Any CPU.ActiveCfg = Debug|Any CPU
		{D80EB5DA-B4FF-4E1C-84D7-4842D8933670}.Debug|Any CPU.Build.0 = Debug|Any CPU
		{D80EB5DA-B4FF-4E1C-84D7-4842D8933670}.Release|Any CPU.ActiveCfg = Release|Any CPU
		{D80EB5DA-B4FF-4E1C-84D7-4842D8933670}.Release|Any CPU.Build.0 = Release|Any CPU
		{CCE6BE26-E3D6-4C99-A537-88BC8E19C1D7}.Debug|Any CPU.ActiveCfg = Debug|Any CPU
		{CCE6BE26-E3D6-4C99-A537-88BC8E19C1D7}.Debug|Any CPU.Build.0 = Debug|Any CPU
		{CCE6BE26-E3D6-4C99-A537-88BC8E19C1D7}.Release|Any CPU.ActiveCfg = Release|Any CPU
		{CCE6BE26-E3D6-4C99-A537-88BC8E19C1D7}.Release|Any CPU.Build.0 = Release|Any CPU
		{699BCB75-3804-4777-8C3C-071A2F445E13}.Debug|Any CPU.ActiveCfg = Debug|Any CPU
		{699BCB75-3804-4777-8C3C-071A2F445E13}.Debug|Any CPU.Build.0 = Debug|Any CPU
		{699BCB75-3804-4777-8C3C-071A2F445E13}.Release|Any CPU.ActiveCfg = Release|Any CPU
		{699BCB75-3804-4777-8C3C-071A2F445E13}.Release|Any CPU.Build.0 = Release|Any CPU
		{81BB8D9E-7DD2-4F29-B34C-FB8E71B2C37C}.Debug|Any CPU.ActiveCfg = Debug|Any CPU
		{81BB8D9E-7DD2-4F29-B34C-FB8E71B2C37C}.Debug|Any CPU.Build.0 = Debug|Any CPU
		{81BB8D9E-7DD2-4F29-B34C-FB8E71B2C37C}.Release|Any CPU.ActiveCfg = Release|Any CPU
		{81BB8D9E-7DD2-4F29-B34C-FB8E71B2C37C}.Release|Any CPU.Build.0 = Release|Any CPU
		{C868B19A-583A-4982-9E84-65BA0411C87F}.Debug|Any CPU.ActiveCfg = Debug|Any CPU
		{C868B19A-583A-4982-9E84-65BA0411C87F}.Debug|Any CPU.Build.0 = Debug|Any CPU
		{C868B19A-583A-4982-9E84-65BA0411C87F}.Debug|Any CPU.Deploy.0 = Debug|Any CPU
		{C868B19A-583A-4982-9E84-65BA0411C87F}.Release|Any CPU.ActiveCfg = Release|Any CPU
		{C868B19A-583A-4982-9E84-65BA0411C87F}.Release|Any CPU.Build.0 = Release|Any CPU
		{C868B19A-583A-4982-9E84-65BA0411C87F}.Release|Any CPU.Deploy.0 = Release|Any CPU
	EndGlobalSection
	GlobalSection(SolutionProperties) = preSolution
		HideSolutionNode = FALSE
	EndGlobalSection
	GlobalSection(NestedProjects) = preSolution
		{1EECF846-80DA-4831-BB28-324A609579E1} = {7D1269C3-E371-47FA-A33B-45B13FFACD99}
		{EA65D725-E957-4D7E-83DE-D49254F392C8} = {2741AB00-0095-4001-8A22-2A8AD2FAE3D3}
		{10A5CA4A-039E-4E6E-85B4-1FC74DFB5CEB} = {2741AB00-0095-4001-8A22-2A8AD2FAE3D3}
		{94DDD808-566B-4965-AF4C-F4479057C12B} = {2741AB00-0095-4001-8A22-2A8AD2FAE3D3}
		{6F05826B-0B81-4C51-872C-6A85E6BCE26D} = {7D1269C3-E371-47FA-A33B-45B13FFACD99}
		{1007B555-4E74-427B-BEE6-B65D5F32A8CE} = {7D1269C3-E371-47FA-A33B-45B13FFACD99}
		{09E15E4A-3E56-4DD8-B267-D6858F6D83B8} = {7D1269C3-E371-47FA-A33B-45B13FFACD99}
		{3DCD5372-B5ED-4C07-9617-3769A1C387D8} = {7D1269C3-E371-47FA-A33B-45B13FFACD99}
		{32B465F1-D1D9-4EA3-B9E8-64A0D702C174} = {7D1269C3-E371-47FA-A33B-45B13FFACD99}
		{C9D5640E-5B07-4223-9B84-A1407BA736AF} = {1C2735CD-E108-4857-8A78-093688944EAE}
		{117E3B18-A29B-4C98-BE66-605DACDF071E} = {1C2735CD-E108-4857-8A78-093688944EAE}
		{F59F28E6-C62C-4501-96CA-FE6512726785} = {B3714627-1B73-4DB2-B5EA-F17B888F2039}
		{B6BF11D3-A5BE-4AA1-ABC8-46FA6C0CD65B} = {B3714627-1B73-4DB2-B5EA-F17B888F2039}
		{0C223621-BC1E-495A-9389-647CD862D40C} = {B3714627-1B73-4DB2-B5EA-F17B888F2039}
		{729A7681-19DD-42F8-8D23-1F2AACFA4C66} = {B3714627-1B73-4DB2-B5EA-F17B888F2039}
		{99503886-BF02-48FC-A4B5-8768268A1774} = {75D4D864-D26A-41E5-825C-2E9640EAE7A2}
		{D75075AD-5E3D-4478-A124-DF5AF9B80277} = {75D4D864-D26A-41E5-825C-2E9640EAE7A2}
		{B3714627-1B73-4DB2-B5EA-F17B888F2039} = {A99EA64E-C88E-4CCC-B6F6-10F42D2D0314}
		{75D4D864-D26A-41E5-825C-2E9640EAE7A2} = {A99EA64E-C88E-4CCC-B6F6-10F42D2D0314}
		{9DD73179-5933-49AC-90DD-87B9AD408B22} = {EE06068E-CD3A-46E9-8985-4CD56458C880}
		{DC802CA1-382B-4DCA-9A7F-6A4262150D1A} = {EE06068E-CD3A-46E9-8985-4CD56458C880}
		{EE06068E-CD3A-46E9-8985-4CD56458C880} = {A99EA64E-C88E-4CCC-B6F6-10F42D2D0314}
		{417961E2-E87B-45C3-B0E3-4F70220AFE30} = {B3714627-1B73-4DB2-B5EA-F17B888F2039}
		{DBBD72DE-426F-4385-8326-1D2289306401} = {B3714627-1B73-4DB2-B5EA-F17B888F2039}
		{791EB3E3-F27F-4D1F-9D77-FB2CCB45BFC0} = {75D4D864-D26A-41E5-825C-2E9640EAE7A2}
		{54FA9266-5FC9-4045-814C-566EE5A2C636} = {2F07455D-B4A7-4C69-8BC5-4F864C13344F}
		{BCA59BBA-CAC7-4D04-A32D-248EE9321322} = {EE06068E-CD3A-46E9-8985-4CD56458C880}
		{079E2784-B4FF-4C58-94CA-7E7008F301F7} = {2F07455D-B4A7-4C69-8BC5-4F864C13344F}
		{3ED946DB-0CA5-472E-B39E-1357D72BE799} = {2F07455D-B4A7-4C69-8BC5-4F864C13344F}
		{2598BAC0-516B-4A7D-8DB9-D2ACC6041DB0} = {2F07455D-B4A7-4C69-8BC5-4F864C13344F}
		{9690FCAD-A039-4191-8EDC-20225D998A5E} = {2F07455D-B4A7-4C69-8BC5-4F864C13344F}
		{EBFE1A28-19EF-4369-9FF1-F24125B6EACE} = {2F07455D-B4A7-4C69-8BC5-4F864C13344F}
		{71C2D6C4-902F-44BB-8E76-E562E1FD4C65} = {2F07455D-B4A7-4C69-8BC5-4F864C13344F}
		{EEB4DA2D-157C-4DCA-BD13-DE0DAFA23827} = {2F07455D-B4A7-4C69-8BC5-4F864C13344F}
		{720B9FDD-D331-40D6-B4B8-25ADE7CE50E1} = {2F07455D-B4A7-4C69-8BC5-4F864C13344F}
		{45B8811B-C37A-452A-A49A-DB05BD691A6E} = {2F07455D-B4A7-4C69-8BC5-4F864C13344F}
		{DFB23C79-D384-44E2-9C0F-A8C7DEEBFD43} = {2F07455D-B4A7-4C69-8BC5-4F864C13344F}
		{EA40689B-D523-46C5-9B2C-6211DFE19068} = {2F07455D-B4A7-4C69-8BC5-4F864C13344F}
		{1562C0C4-7EFD-4B00-B3E8-288104E3EA3F} = {2F07455D-B4A7-4C69-8BC5-4F864C13344F}
		{1C6FDDBF-316A-402B-B53D-EC2B29A5617A} = {2F07455D-B4A7-4C69-8BC5-4F864C13344F}
		{E97EA41B-2FC4-4716-9444-F9CF571A0EA8} = {A99EA64E-C88E-4CCC-B6F6-10F42D2D0314}
		{49334810-ADD5-4739-AAB6-D11E2FADB1D3} = {E97EA41B-2FC4-4716-9444-F9CF571A0EA8}
		{DD55FA84-6BFB-458F-8930-9A7DD1C97CDA} = {E97EA41B-2FC4-4716-9444-F9CF571A0EA8}
		{8926840F-859B-42ED-8834-46F0D38CC812} = {2F07455D-B4A7-4C69-8BC5-4F864C13344F}
		{5F908BA2-0CD5-4FCD-9901-17178A075546} = {2F07455D-B4A7-4C69-8BC5-4F864C13344F}
		{3159AAAA-F115-47F3-A923-9B9A3A167D94} = {E97EA41B-2FC4-4716-9444-F9CF571A0EA8}
		{0D42F366-5168-4D8A-B028-40460B0152D9} = {E97EA41B-2FC4-4716-9444-F9CF571A0EA8}
		{56A4B93A-01B3-44B6-A9A0-6FA8610D6022} = {5B66705A-1369-4506-A977-D81722B87F31}
		{5B66705A-1369-4506-A977-D81722B87F31} = {7D1269C3-E371-47FA-A33B-45B13FFACD99}
		{D80EB5DA-B4FF-4E1C-84D7-4842D8933670} = {5B66705A-1369-4506-A977-D81722B87F31}
		{CCE6BE26-E3D6-4C99-A537-88BC8E19C1D7} = {5B66705A-1369-4506-A977-D81722B87F31}
		{699BCB75-3804-4777-8C3C-071A2F445E13} = {5B66705A-1369-4506-A977-D81722B87F31}
		{81BB8D9E-7DD2-4F29-B34C-FB8E71B2C37C} = {5B66705A-1369-4506-A977-D81722B87F31}
		{C868B19A-583A-4982-9E84-65BA0411C87F} = {5B66705A-1369-4506-A977-D81722B87F31}
		{1C2735CD-E108-4857-8A78-093688944EAE} = {7D1269C3-E371-47FA-A33B-45B13FFACD99}
	EndGlobalSection
	GlobalSection(ExtensibilityGlobals) = postSolution
		SolutionGuid = {3CFC3A3B-E255-4661-9701-6E2A9E2A57AB}
	EndGlobalSection
EndGlobal
