
Microsoft Visual Studio Solution File, Format Version 12.00
# Visual Studio Version 17
VisualStudioVersion = 17.2.32516.85
MinimumVisualStudioVersion = 10.0.40219.1
Project("{2150E333-8FDC-42A3-9474-1A3956D46DE8}") = "05.Framework", "05.Framework", "{304BB78A-48D9-4FE3-A709-54901A9AD1BA}"
EndProject
Project("{2150E333-8FDC-42A3-9474-1A3956D46DE8}") = "04.Kernel", "04.Kernel", "{C346E2C5-3508-425B-A8AB-4C1C19CAEA08}"
EndProject
Project("{2150E333-8FDC-42A3-9474-1A3956D46DE8}") = "03.Infrastructure", "03.Infrastructure", "{D9602C8C-AD40-4212-9BF5-899B93E551AE}"
EndProject
Project("{2150E333-8FDC-42A3-9474-1A3956D46DE8}") = "02.Platform", "02.Platform", "{A5AAFC81-DB6E-4286-A591-D5E48D247799}"
EndProject
Project("{2150E333-8FDC-42A3-9474-1A3956D46DE8}") = "01.Application", "01.Application", "{0E4DBF91-B7CF-4D6C-A121-43A701D7857B}"
EndProject
Project("{9A19103F-16F7-4668-BE54-9A1E7A4F7556}") = "CLK.Core", "CLK.Core\CLK.Core.csproj", "{925F0743-4521-4A22-AA7F-AB832017E27D}"
EndProject
Project("{9A19103F-16F7-4668-BE54-9A1E7A4F7556}") = "CLK.Diagnostics", "CLK.Diagnostics\CLK.Diagnostics.csproj", "{D4011F27-9695-437F-8F05-50D7CBB0FCE4}"
EndProject
Project("{9A19103F-16F7-4668-BE54-9A1E7A4F7556}") = "CLK.IO", "CLK.IO\CLK.IO.csproj", "{D832EC84-9A6D-4D04-A9D2-6B964DC2A1A3}"
EndProject
Project("{9A19103F-16F7-4668-BE54-9A1E7A4F7556}") = "CLK.Mocks", "CLK.Mocks\CLK.Mocks.csproj", "{EFB4F4C0-AE26-4DC4-A0B4-3323C589626C}"
EndProject
Project("{9A19103F-16F7-4668-BE54-9A1E7A4F7556}") = "CLK.Reflection", "CLK.Reflection\CLK.Reflection.csproj", "{A3FF3C11-CA3B-454F-A57C-C75A091B3DE6}"
EndProject
Project("{9A19103F-16F7-4668-BE54-9A1E7A4F7556}") = "CLK.Security.Claims", "CLK.Security.Claims\CLK.Security.Claims.csproj", "{0329E95D-B1D2-47A5-BF26-E1452D23D9A9}"
EndProject
Project("{9A19103F-16F7-4668-BE54-9A1E7A4F7556}") = "MDP.Hosting", "MDP.Hosting\MDP.Hosting.csproj", "{2B242D46-7BA6-4B56-82F2-852D654AA49D}"
EndProject
Project("{9A19103F-16F7-4668-BE54-9A1E7A4F7556}") = "MDP.Hosting.Lab", "MDP.Hosting.Lab\MDP.Hosting.Lab.csproj", "{710D6D24-C623-461C-BDA5-B9A20741E507}"
EndProject
Project("{9A19103F-16F7-4668-BE54-9A1E7A4F7556}") = "MDP.NetCore", "MDP.NetCore\MDP.NetCore.csproj", "{246B7176-4A80-41FD-8FD1-15FD2482C3A5}"
EndProject
Project("{9A19103F-16F7-4668-BE54-9A1E7A4F7556}") = "MDP.NetCore.Lab", "MDP.NetCore.Lab\MDP.NetCore.Lab.csproj", "{5670B7DB-4B82-469F-B52C-3B85364FEFE6}"
EndProject
Project("{9A19103F-16F7-4668-BE54-9A1E7A4F7556}") = "MDP.AspNetCore", "MDP.AspNetCore\MDP.AspNetCore.csproj", "{9839905D-E957-4913-8A8D-411B0729DC68}"
EndProject
Project("{9A19103F-16F7-4668-BE54-9A1E7A4F7556}") = "MDP.AspNetCore.Lab", "MDP.AspNetCore.Lab\MDP.AspNetCore.Lab.csproj", "{247449AD-DD96-466D-A478-ADE1A8CE37E2}"
EndProject
Project("{2150E333-8FDC-42A3-9474-1A3956D46DE8}") = "Solution Items", "Solution Items", "{A96ED21F-9623-43F6-A547-3E2753DD71AE}"
	ProjectSection(SolutionItems) = preProject
		.editorconfig = .editorconfig
	EndProjectSection
EndProject
Project("{2150E333-8FDC-42A3-9474-1A3956D46DE8}") = "01.Module", "01.Module", "{9FF99E80-3EBF-4B5F-8207-BAD4FCADB073}"
EndProject
Project("{2150E333-8FDC-42A3-9474-1A3956D46DE8}") = "02.Kernel", "02.Kernel", "{ED0A5887-A958-4014-8949-2299DB2924F8}"
EndProject
Project("{9A19103F-16F7-4668-BE54-9A1E7A4F7556}") = "MDP.NetCore.Logging.Log4net", "MDP.NetCore.Logging.Log4net\MDP.NetCore.Logging.Log4net.csproj", "{738956A0-5C16-460F-869A-60826B38F63F}"
EndProject
Project("{9A19103F-16F7-4668-BE54-9A1E7A4F7556}") = "MDP.NetCore.Logging.NLog", "MDP.NetCore.Logging.NLog\MDP.NetCore.Logging.NLog.csproj", "{5421F0A9-ACC0-4EE0-9B0E-C60A426CAC8F}"
EndProject
Project("{9A19103F-16F7-4668-BE54-9A1E7A4F7556}") = "MDP.NetCore.Logging.Log4net.Hosting", "MDP.NetCore.Logging.Log4net.Hosting\MDP.NetCore.Logging.Log4net.Hosting.csproj", "{57C8640F-25B7-4422-8270-641899382884}"
EndProject
Project("{9A19103F-16F7-4668-BE54-9A1E7A4F7556}") = "MDP.NetCore.Logging.NLog.Hosting", "MDP.NetCore.Logging.NLog.Hosting\MDP.NetCore.Logging.NLog.Hosting.csproj", "{4F66AA47-37ED-43AD-B4CA-02FD18D56CAA}"
EndProject
Project("{9A19103F-16F7-4668-BE54-9A1E7A4F7556}") = "MDP.NetCore.Logging.Log4net.Lab", "MDP.NetCore.Logging.Log4net.Lab\MDP.NetCore.Logging.Log4net.Lab.csproj", "{A70E1E90-75F8-4553-AEAF-ABE038C5CDCF}"
EndProject
Project("{9A19103F-16F7-4668-BE54-9A1E7A4F7556}") = "MDP.NetCore.Logging.NLog.Lab", "MDP.NetCore.Logging.NLog.Lab\MDP.NetCore.Logging.NLog.Lab.csproj", "{C56A81AB-96A7-4DD4-869E-222F1029E3F2}"
EndProject
Project("{9A19103F-16F7-4668-BE54-9A1E7A4F7556}") = "MDP.AspNetCore.Authentication", "MDP.AspNetCore.Authentication\MDP.AspNetCore.Authentication.csproj", "{918BF6F5-752A-4777-80B5-B4F3A4B7E7DA}"
EndProject
Project("{9A19103F-16F7-4668-BE54-9A1E7A4F7556}") = "MDP.AspNetCore.Authentication.Lab", "MDP.AspNetCore.Authentication.Lab\MDP.AspNetCore.Authentication.Lab.csproj", "{45090AFB-9D92-4B29-920D-E9C460FFCE43}"
EndProject
Project("{9A19103F-16F7-4668-BE54-9A1E7A4F7556}") = "MDP.AspNetCore.Authentication.Hosting", "MDP.AspNetCore.Authentication.Hosting\MDP.AspNetCore.Authentication.Hosting.csproj", "{25BB6A1B-3A5C-4CD5-8B65-A795586D3D36}"
EndProject
Project("{9A19103F-16F7-4668-BE54-9A1E7A4F7556}") = "MDP.IdentityModel.Tokens.Jwt", "MDP.IdentityModel.Tokens.Jwt\MDP.IdentityModel.Tokens.Jwt.csproj", "{61B51FF0-5E01-4120-BF5D-47C2034D1232}"
EndProject
Project("{9A19103F-16F7-4668-BE54-9A1E7A4F7556}") = "MDP.IdentityModel.Tokens.Jwt.Hosting", "MDP.IdentityModel.Tokens.Jwt.Hosting\MDP.IdentityModel.Tokens.Jwt.Hosting.csproj", "{D7EAC4D0-48C5-4AA6-AF3B-57A23CC34F6D}"
EndProject
Project("{9A19103F-16F7-4668-BE54-9A1E7A4F7556}") = "MDP.Data.SqlClient", "MDP.Data.SqlClient\MDP.Data.SqlClient.csproj", "{F4287AFC-7BE9-4F16-9F08-94C1A8180AC2}"
EndProject
Project("{9A19103F-16F7-4668-BE54-9A1E7A4F7556}") = "MDP.Data.SqlClient.Hosting", "MDP.Data.SqlClient.Hosting\MDP.Data.SqlClient.Hosting.csproj", "{403A21D0-DE48-4825-95F5-2117EE6F7D81}"
EndProject
Project("{9A19103F-16F7-4668-BE54-9A1E7A4F7556}") = "MDP.Data.SqlClient.Lab", "MDP.Data.SqlClient.Lab\MDP.Data.SqlClient.Lab.csproj", "{DD839BD8-C1C0-497B-BED9-8CE37A266A9D}"
EndProject
Project("{9A19103F-16F7-4668-BE54-9A1E7A4F7556}") = "MDP.AspNetCore.Authentication.Google", "MDP.AspNetCore.Authentication.Google\MDP.AspNetCore.Authentication.Google.csproj", "{FD71F552-F454-4336-8375-00BC9BC053B7}"
EndProject
Project("{9A19103F-16F7-4668-BE54-9A1E7A4F7556}") = "MDP.AspNetCore.Authentication.Google.Hosting", "MDP.AspNetCore.Authentication.Google.Hosting\MDP.AspNetCore.Authentication.Google.Hosting.csproj", "{0302A3E5-48FE-4645-A12B-D955C67306F0}"
EndProject
Project("{9A19103F-16F7-4668-BE54-9A1E7A4F7556}") = "MDP.AspNetCore.Authentication.Google.Lab", "MDP.AspNetCore.Authentication.Google.Lab\MDP.AspNetCore.Authentication.Google.Lab.csproj", "{1157B44F-267D-43A6-9286-9E6D794EDE1D}"
EndProject
Project("{9A19103F-16F7-4668-BE54-9A1E7A4F7556}") = "MDP.AspNetCore.Authentication.Facebook", "MDP.AspNetCore.Authentication.Facebook\MDP.AspNetCore.Authentication.Facebook.csproj", "{9A62CE08-B539-485D-88AA-9E708AB2ED4B}"
EndProject
Project("{9A19103F-16F7-4668-BE54-9A1E7A4F7556}") = "MDP.AspNetCore.Authentication.Facebook.Hosting", "MDP.AspNetCore.Authentication.Facebook.Hosting\MDP.AspNetCore.Authentication.Facebook.Hosting.csproj", "{C36BDDBE-3B91-4FF0-B144-B67D0266BCF7}"
EndProject
Project("{9A19103F-16F7-4668-BE54-9A1E7A4F7556}") = "MDP.AspNetCore.Authentication.Facebook.Lab", "MDP.AspNetCore.Authentication.Facebook.Lab\MDP.AspNetCore.Authentication.Facebook.Lab.csproj", "{204B6A27-7D02-4413-A383-8C0A5148063D}"
EndProject
Project("{9A19103F-16F7-4668-BE54-9A1E7A4F7556}") = "MDP.AspNetCore.Authentication.GitHub", "MDP.AspNetCore.Authentication.GitHub\MDP.AspNetCore.Authentication.GitHub.csproj", "{AE7577BD-C3F8-4E9F-A878-B157CADBBBD8}"
EndProject
Project("{9A19103F-16F7-4668-BE54-9A1E7A4F7556}") = "MDP.AspNetCore.Authentication.GitHub.Hosting", "MDP.AspNetCore.Authentication.GitHub.Hosting\MDP.AspNetCore.Authentication.GitHub.Hosting.csproj", "{B034A0B3-6B09-4B4D-B548-7D1CBA8D9F6D}"
EndProject
Project("{9A19103F-16F7-4668-BE54-9A1E7A4F7556}") = "MDP.AspNetCore.Authentication.GitHub.Lab", "MDP.AspNetCore.Authentication.GitHub.Lab\MDP.AspNetCore.Authentication.GitHub.Lab.csproj", "{5739CDEC-88A6-4439-96D6-C12A1A0F810D}"
EndProject
Project("{9A19103F-16F7-4668-BE54-9A1E7A4F7556}") = "MDP.AspNetCore.Authentication.AzureAD", "MDP.AspNetCore.Authentication.AzureAD\MDP.AspNetCore.Authentication.AzureAD.csproj", "{2A50ECD2-1A51-472B-AFF1-2C7B05256B37}"
EndProject
Project("{9A19103F-16F7-4668-BE54-9A1E7A4F7556}") = "MDP.AspNetCore.Authentication.AzureAD.Hosting", "MDP.AspNetCore.Authentication.AzureAD.Hosting\MDP.AspNetCore.Authentication.AzureAD.Hosting.csproj", "{89447DC6-E2E6-417D-B3B9-CAA04243F0EC}"
EndProject
Project("{9A19103F-16F7-4668-BE54-9A1E7A4F7556}") = "MDP.AspNetCore.Authentication.AzureAD.Lab", "MDP.AspNetCore.Authentication.AzureAD.Lab\MDP.AspNetCore.Authentication.AzureAD.Lab.csproj", "{90D64E04-30EE-4DE0-89DD-5FBAB1ABA98D}"
EndProject
Project("{9A19103F-16F7-4668-BE54-9A1E7A4F7556}") = "MDP.AspNetCore.Authentication.Line", "MDP.AspNetCore.Authentication.Line\MDP.AspNetCore.Authentication.Line.csproj", "{B7D8E1C8-C3E5-4C1B-8C71-7C95CB6DFC2C}"
EndProject
Project("{9A19103F-16F7-4668-BE54-9A1E7A4F7556}") = "MDP.AspNetCore.Authentication.Line.Hosting", "MDP.AspNetCore.Authentication.Line.Hosting\MDP.AspNetCore.Authentication.Line.Hosting.csproj", "{614016C8-3090-4B04-98C1-700DB7AE1949}"
EndProject
Project("{9A19103F-16F7-4668-BE54-9A1E7A4F7556}") = "MDP.AspNetCore.Authentication.Line.Lab", "MDP.AspNetCore.Authentication.Line.Lab\MDP.AspNetCore.Authentication.Line.Lab.csproj", "{AAB0738D-555E-415D-B782-1E6BF856F9CA}"
EndProject
Project("{9A19103F-16F7-4668-BE54-9A1E7A4F7556}") = "MDP.AspNetCore.Authentication.Liff", "MDP.AspNetCore.Authentication.Liff\MDP.AspNetCore.Authentication.Liff.csproj", "{2E9AC22F-7D53-4F7B-84CC-3767D8415AF3}"
EndProject
Project("{9A19103F-16F7-4668-BE54-9A1E7A4F7556}") = "MDP.AspNetCore.Authentication.Liff.Hosting", "MDP.AspNetCore.Authentication.Liff.Hosting\MDP.AspNetCore.Authentication.Liff.Hosting.csproj", "{1F5F4AD8-E1E7-442B-B22C-058EEEE5D346}"
EndProject
Project("{9A19103F-16F7-4668-BE54-9A1E7A4F7556}") = "MDP.AspNetCore.Authentication.Liff.Lab", "MDP.AspNetCore.Authentication.Liff.Lab\MDP.AspNetCore.Authentication.Liff.Lab.csproj", "{42E52F27-29F3-4921-A051-D10E879E3EEC}"
EndProject
Project("{9A19103F-16F7-4668-BE54-9A1E7A4F7556}") = "MDP.AspNetCore.Authentication.Jwt", "MDP.AspNetCore.Authentication.Jwt\MDP.AspNetCore.Authentication.Jwt.csproj", "{03652D20-4239-4CCE-8A72-F78DD38AC02B}"
EndProject
Project("{9A19103F-16F7-4668-BE54-9A1E7A4F7556}") = "MDP.AspNetCore.Authentication.Jwt.Hosting", "MDP.AspNetCore.Authentication.Jwt.Hosting\MDP.AspNetCore.Authentication.Jwt.Hosting.csproj", "{8AEF3E5B-21A2-45A1-A87B-D01CC1F8A091}"
EndProject
Project("{9A19103F-16F7-4668-BE54-9A1E7A4F7556}") = "MDP.AspNetCore.Authentication.Jwt.Lab", "MDP.AspNetCore.Authentication.Jwt.Lab\MDP.AspNetCore.Authentication.Jwt.Lab.csproj", "{F9AEDEC7-8FC8-4CAE-8691-239F66CD2CE2}"
EndProject
Project("{9A19103F-16F7-4668-BE54-9A1E7A4F7556}") = "MDP.IdentityModel.Tokens.Jwt.Lab", "MDP.IdentityModel.Tokens.Jwt.Lab\MDP.IdentityModel.Tokens.Jwt.Lab.csproj", "{76E13F6B-494A-47EB-9964-25DF37AAEE1F}"
EndProject
Global
	GlobalSection(SolutionConfigurationPlatforms) = preSolution
		Debug|Any CPU = Debug|Any CPU
		Release|Any CPU = Release|Any CPU
	EndGlobalSection
	GlobalSection(ProjectConfigurationPlatforms) = postSolution
		{925F0743-4521-4A22-AA7F-AB832017E27D}.Debug|Any CPU.ActiveCfg = Debug|Any CPU
		{925F0743-4521-4A22-AA7F-AB832017E27D}.Debug|Any CPU.Build.0 = Debug|Any CPU
		{925F0743-4521-4A22-AA7F-AB832017E27D}.Release|Any CPU.ActiveCfg = Release|Any CPU
		{925F0743-4521-4A22-AA7F-AB832017E27D}.Release|Any CPU.Build.0 = Release|Any CPU
		{D4011F27-9695-437F-8F05-50D7CBB0FCE4}.Debug|Any CPU.ActiveCfg = Debug|Any CPU
		{D4011F27-9695-437F-8F05-50D7CBB0FCE4}.Debug|Any CPU.Build.0 = Debug|Any CPU
		{D4011F27-9695-437F-8F05-50D7CBB0FCE4}.Release|Any CPU.ActiveCfg = Release|Any CPU
		{D4011F27-9695-437F-8F05-50D7CBB0FCE4}.Release|Any CPU.Build.0 = Release|Any CPU
		{D832EC84-9A6D-4D04-A9D2-6B964DC2A1A3}.Debug|Any CPU.ActiveCfg = Debug|Any CPU
		{D832EC84-9A6D-4D04-A9D2-6B964DC2A1A3}.Debug|Any CPU.Build.0 = Debug|Any CPU
		{D832EC84-9A6D-4D04-A9D2-6B964DC2A1A3}.Release|Any CPU.ActiveCfg = Release|Any CPU
		{D832EC84-9A6D-4D04-A9D2-6B964DC2A1A3}.Release|Any CPU.Build.0 = Release|Any CPU
		{EFB4F4C0-AE26-4DC4-A0B4-3323C589626C}.Debug|Any CPU.ActiveCfg = Debug|Any CPU
		{EFB4F4C0-AE26-4DC4-A0B4-3323C589626C}.Debug|Any CPU.Build.0 = Debug|Any CPU
		{EFB4F4C0-AE26-4DC4-A0B4-3323C589626C}.Release|Any CPU.ActiveCfg = Release|Any CPU
		{EFB4F4C0-AE26-4DC4-A0B4-3323C589626C}.Release|Any CPU.Build.0 = Release|Any CPU
		{A3FF3C11-CA3B-454F-A57C-C75A091B3DE6}.Debug|Any CPU.ActiveCfg = Debug|Any CPU
		{A3FF3C11-CA3B-454F-A57C-C75A091B3DE6}.Debug|Any CPU.Build.0 = Debug|Any CPU
		{A3FF3C11-CA3B-454F-A57C-C75A091B3DE6}.Release|Any CPU.ActiveCfg = Release|Any CPU
		{A3FF3C11-CA3B-454F-A57C-C75A091B3DE6}.Release|Any CPU.Build.0 = Release|Any CPU
		{0329E95D-B1D2-47A5-BF26-E1452D23D9A9}.Debug|Any CPU.ActiveCfg = Debug|Any CPU
		{0329E95D-B1D2-47A5-BF26-E1452D23D9A9}.Debug|Any CPU.Build.0 = Debug|Any CPU
		{0329E95D-B1D2-47A5-BF26-E1452D23D9A9}.Release|Any CPU.ActiveCfg = Release|Any CPU
		{0329E95D-B1D2-47A5-BF26-E1452D23D9A9}.Release|Any CPU.Build.0 = Release|Any CPU
		{2B242D46-7BA6-4B56-82F2-852D654AA49D}.Debug|Any CPU.ActiveCfg = Debug|Any CPU
		{2B242D46-7BA6-4B56-82F2-852D654AA49D}.Debug|Any CPU.Build.0 = Debug|Any CPU
		{2B242D46-7BA6-4B56-82F2-852D654AA49D}.Release|Any CPU.ActiveCfg = Release|Any CPU
		{2B242D46-7BA6-4B56-82F2-852D654AA49D}.Release|Any CPU.Build.0 = Release|Any CPU
		{710D6D24-C623-461C-BDA5-B9A20741E507}.Debug|Any CPU.ActiveCfg = Debug|Any CPU
		{710D6D24-C623-461C-BDA5-B9A20741E507}.Debug|Any CPU.Build.0 = Debug|Any CPU
		{710D6D24-C623-461C-BDA5-B9A20741E507}.Release|Any CPU.ActiveCfg = Release|Any CPU
		{710D6D24-C623-461C-BDA5-B9A20741E507}.Release|Any CPU.Build.0 = Release|Any CPU
		{246B7176-4A80-41FD-8FD1-15FD2482C3A5}.Debug|Any CPU.ActiveCfg = Debug|Any CPU
		{246B7176-4A80-41FD-8FD1-15FD2482C3A5}.Debug|Any CPU.Build.0 = Debug|Any CPU
		{246B7176-4A80-41FD-8FD1-15FD2482C3A5}.Release|Any CPU.ActiveCfg = Release|Any CPU
		{246B7176-4A80-41FD-8FD1-15FD2482C3A5}.Release|Any CPU.Build.0 = Release|Any CPU
		{5670B7DB-4B82-469F-B52C-3B85364FEFE6}.Debug|Any CPU.ActiveCfg = Debug|Any CPU
		{5670B7DB-4B82-469F-B52C-3B85364FEFE6}.Debug|Any CPU.Build.0 = Debug|Any CPU
		{5670B7DB-4B82-469F-B52C-3B85364FEFE6}.Release|Any CPU.ActiveCfg = Release|Any CPU
		{5670B7DB-4B82-469F-B52C-3B85364FEFE6}.Release|Any CPU.Build.0 = Release|Any CPU
		{9839905D-E957-4913-8A8D-411B0729DC68}.Debug|Any CPU.ActiveCfg = Debug|Any CPU
		{9839905D-E957-4913-8A8D-411B0729DC68}.Debug|Any CPU.Build.0 = Debug|Any CPU
		{9839905D-E957-4913-8A8D-411B0729DC68}.Release|Any CPU.ActiveCfg = Release|Any CPU
		{9839905D-E957-4913-8A8D-411B0729DC68}.Release|Any CPU.Build.0 = Release|Any CPU
		{247449AD-DD96-466D-A478-ADE1A8CE37E2}.Debug|Any CPU.ActiveCfg = Debug|Any CPU
		{247449AD-DD96-466D-A478-ADE1A8CE37E2}.Debug|Any CPU.Build.0 = Debug|Any CPU
		{247449AD-DD96-466D-A478-ADE1A8CE37E2}.Release|Any CPU.ActiveCfg = Release|Any CPU
		{247449AD-DD96-466D-A478-ADE1A8CE37E2}.Release|Any CPU.Build.0 = Release|Any CPU
		{738956A0-5C16-460F-869A-60826B38F63F}.Debug|Any CPU.ActiveCfg = Debug|Any CPU
		{738956A0-5C16-460F-869A-60826B38F63F}.Debug|Any CPU.Build.0 = Debug|Any CPU
		{738956A0-5C16-460F-869A-60826B38F63F}.Release|Any CPU.ActiveCfg = Release|Any CPU
		{738956A0-5C16-460F-869A-60826B38F63F}.Release|Any CPU.Build.0 = Release|Any CPU
		{5421F0A9-ACC0-4EE0-9B0E-C60A426CAC8F}.Debug|Any CPU.ActiveCfg = Debug|Any CPU
		{5421F0A9-ACC0-4EE0-9B0E-C60A426CAC8F}.Debug|Any CPU.Build.0 = Debug|Any CPU
		{5421F0A9-ACC0-4EE0-9B0E-C60A426CAC8F}.Release|Any CPU.ActiveCfg = Release|Any CPU
		{5421F0A9-ACC0-4EE0-9B0E-C60A426CAC8F}.Release|Any CPU.Build.0 = Release|Any CPU
		{57C8640F-25B7-4422-8270-641899382884}.Debug|Any CPU.ActiveCfg = Debug|Any CPU
		{57C8640F-25B7-4422-8270-641899382884}.Debug|Any CPU.Build.0 = Debug|Any CPU
		{57C8640F-25B7-4422-8270-641899382884}.Release|Any CPU.ActiveCfg = Release|Any CPU
		{57C8640F-25B7-4422-8270-641899382884}.Release|Any CPU.Build.0 = Release|Any CPU
		{4F66AA47-37ED-43AD-B4CA-02FD18D56CAA}.Debug|Any CPU.ActiveCfg = Debug|Any CPU
		{4F66AA47-37ED-43AD-B4CA-02FD18D56CAA}.Debug|Any CPU.Build.0 = Debug|Any CPU
		{4F66AA47-37ED-43AD-B4CA-02FD18D56CAA}.Release|Any CPU.ActiveCfg = Release|Any CPU
		{4F66AA47-37ED-43AD-B4CA-02FD18D56CAA}.Release|Any CPU.Build.0 = Release|Any CPU
		{A70E1E90-75F8-4553-AEAF-ABE038C5CDCF}.Debug|Any CPU.ActiveCfg = Debug|Any CPU
		{A70E1E90-75F8-4553-AEAF-ABE038C5CDCF}.Debug|Any CPU.Build.0 = Debug|Any CPU
		{A70E1E90-75F8-4553-AEAF-ABE038C5CDCF}.Release|Any CPU.ActiveCfg = Release|Any CPU
		{A70E1E90-75F8-4553-AEAF-ABE038C5CDCF}.Release|Any CPU.Build.0 = Release|Any CPU
		{C56A81AB-96A7-4DD4-869E-222F1029E3F2}.Debug|Any CPU.ActiveCfg = Debug|Any CPU
		{C56A81AB-96A7-4DD4-869E-222F1029E3F2}.Debug|Any CPU.Build.0 = Debug|Any CPU
		{C56A81AB-96A7-4DD4-869E-222F1029E3F2}.Release|Any CPU.ActiveCfg = Release|Any CPU
		{C56A81AB-96A7-4DD4-869E-222F1029E3F2}.Release|Any CPU.Build.0 = Release|Any CPU
		{918BF6F5-752A-4777-80B5-B4F3A4B7E7DA}.Debug|Any CPU.ActiveCfg = Debug|Any CPU
		{918BF6F5-752A-4777-80B5-B4F3A4B7E7DA}.Debug|Any CPU.Build.0 = Debug|Any CPU
		{918BF6F5-752A-4777-80B5-B4F3A4B7E7DA}.Release|Any CPU.ActiveCfg = Release|Any CPU
		{918BF6F5-752A-4777-80B5-B4F3A4B7E7DA}.Release|Any CPU.Build.0 = Release|Any CPU
		{45090AFB-9D92-4B29-920D-E9C460FFCE43}.Debug|Any CPU.ActiveCfg = Debug|Any CPU
		{45090AFB-9D92-4B29-920D-E9C460FFCE43}.Debug|Any CPU.Build.0 = Debug|Any CPU
		{45090AFB-9D92-4B29-920D-E9C460FFCE43}.Release|Any CPU.ActiveCfg = Release|Any CPU
		{45090AFB-9D92-4B29-920D-E9C460FFCE43}.Release|Any CPU.Build.0 = Release|Any CPU
		{25BB6A1B-3A5C-4CD5-8B65-A795586D3D36}.Debug|Any CPU.ActiveCfg = Debug|Any CPU
		{25BB6A1B-3A5C-4CD5-8B65-A795586D3D36}.Debug|Any CPU.Build.0 = Debug|Any CPU
		{25BB6A1B-3A5C-4CD5-8B65-A795586D3D36}.Release|Any CPU.ActiveCfg = Release|Any CPU
		{25BB6A1B-3A5C-4CD5-8B65-A795586D3D36}.Release|Any CPU.Build.0 = Release|Any CPU
		{61B51FF0-5E01-4120-BF5D-47C2034D1232}.Debug|Any CPU.ActiveCfg = Debug|Any CPU
		{61B51FF0-5E01-4120-BF5D-47C2034D1232}.Debug|Any CPU.Build.0 = Debug|Any CPU
		{61B51FF0-5E01-4120-BF5D-47C2034D1232}.Release|Any CPU.ActiveCfg = Release|Any CPU
		{61B51FF0-5E01-4120-BF5D-47C2034D1232}.Release|Any CPU.Build.0 = Release|Any CPU
		{D7EAC4D0-48C5-4AA6-AF3B-57A23CC34F6D}.Debug|Any CPU.ActiveCfg = Debug|Any CPU
		{D7EAC4D0-48C5-4AA6-AF3B-57A23CC34F6D}.Debug|Any CPU.Build.0 = Debug|Any CPU
		{D7EAC4D0-48C5-4AA6-AF3B-57A23CC34F6D}.Release|Any CPU.ActiveCfg = Release|Any CPU
		{D7EAC4D0-48C5-4AA6-AF3B-57A23CC34F6D}.Release|Any CPU.Build.0 = Release|Any CPU
		{F4287AFC-7BE9-4F16-9F08-94C1A8180AC2}.Debug|Any CPU.ActiveCfg = Debug|Any CPU
		{F4287AFC-7BE9-4F16-9F08-94C1A8180AC2}.Debug|Any CPU.Build.0 = Debug|Any CPU
		{F4287AFC-7BE9-4F16-9F08-94C1A8180AC2}.Release|Any CPU.ActiveCfg = Release|Any CPU
		{F4287AFC-7BE9-4F16-9F08-94C1A8180AC2}.Release|Any CPU.Build.0 = Release|Any CPU
		{403A21D0-DE48-4825-95F5-2117EE6F7D81}.Debug|Any CPU.ActiveCfg = Debug|Any CPU
		{403A21D0-DE48-4825-95F5-2117EE6F7D81}.Debug|Any CPU.Build.0 = Debug|Any CPU
		{403A21D0-DE48-4825-95F5-2117EE6F7D81}.Release|Any CPU.ActiveCfg = Release|Any CPU
		{403A21D0-DE48-4825-95F5-2117EE6F7D81}.Release|Any CPU.Build.0 = Release|Any CPU
		{DD839BD8-C1C0-497B-BED9-8CE37A266A9D}.Debug|Any CPU.ActiveCfg = Debug|Any CPU
		{DD839BD8-C1C0-497B-BED9-8CE37A266A9D}.Debug|Any CPU.Build.0 = Debug|Any CPU
		{DD839BD8-C1C0-497B-BED9-8CE37A266A9D}.Release|Any CPU.ActiveCfg = Release|Any CPU
		{DD839BD8-C1C0-497B-BED9-8CE37A266A9D}.Release|Any CPU.Build.0 = Release|Any CPU
		{FD71F552-F454-4336-8375-00BC9BC053B7}.Debug|Any CPU.ActiveCfg = Debug|Any CPU
		{FD71F552-F454-4336-8375-00BC9BC053B7}.Debug|Any CPU.Build.0 = Debug|Any CPU
		{FD71F552-F454-4336-8375-00BC9BC053B7}.Release|Any CPU.ActiveCfg = Release|Any CPU
		{FD71F552-F454-4336-8375-00BC9BC053B7}.Release|Any CPU.Build.0 = Release|Any CPU
		{0302A3E5-48FE-4645-A12B-D955C67306F0}.Debug|Any CPU.ActiveCfg = Debug|Any CPU
		{0302A3E5-48FE-4645-A12B-D955C67306F0}.Debug|Any CPU.Build.0 = Debug|Any CPU
		{0302A3E5-48FE-4645-A12B-D955C67306F0}.Release|Any CPU.ActiveCfg = Release|Any CPU
		{0302A3E5-48FE-4645-A12B-D955C67306F0}.Release|Any CPU.Build.0 = Release|Any CPU
		{1157B44F-267D-43A6-9286-9E6D794EDE1D}.Debug|Any CPU.ActiveCfg = Debug|Any CPU
		{1157B44F-267D-43A6-9286-9E6D794EDE1D}.Debug|Any CPU.Build.0 = Debug|Any CPU
		{1157B44F-267D-43A6-9286-9E6D794EDE1D}.Release|Any CPU.ActiveCfg = Release|Any CPU
		{1157B44F-267D-43A6-9286-9E6D794EDE1D}.Release|Any CPU.Build.0 = Release|Any CPU
		{9A62CE08-B539-485D-88AA-9E708AB2ED4B}.Debug|Any CPU.ActiveCfg = Debug|Any CPU
		{9A62CE08-B539-485D-88AA-9E708AB2ED4B}.Debug|Any CPU.Build.0 = Debug|Any CPU
		{9A62CE08-B539-485D-88AA-9E708AB2ED4B}.Release|Any CPU.ActiveCfg = Release|Any CPU
		{9A62CE08-B539-485D-88AA-9E708AB2ED4B}.Release|Any CPU.Build.0 = Release|Any CPU
		{C36BDDBE-3B91-4FF0-B144-B67D0266BCF7}.Debug|Any CPU.ActiveCfg = Debug|Any CPU
		{C36BDDBE-3B91-4FF0-B144-B67D0266BCF7}.Debug|Any CPU.Build.0 = Debug|Any CPU
		{C36BDDBE-3B91-4FF0-B144-B67D0266BCF7}.Release|Any CPU.ActiveCfg = Release|Any CPU
		{C36BDDBE-3B91-4FF0-B144-B67D0266BCF7}.Release|Any CPU.Build.0 = Release|Any CPU
		{204B6A27-7D02-4413-A383-8C0A5148063D}.Debug|Any CPU.ActiveCfg = Debug|Any CPU
		{204B6A27-7D02-4413-A383-8C0A5148063D}.Debug|Any CPU.Build.0 = Debug|Any CPU
		{204B6A27-7D02-4413-A383-8C0A5148063D}.Release|Any CPU.ActiveCfg = Release|Any CPU
		{204B6A27-7D02-4413-A383-8C0A5148063D}.Release|Any CPU.Build.0 = Release|Any CPU
		{AE7577BD-C3F8-4E9F-A878-B157CADBBBD8}.Debug|Any CPU.ActiveCfg = Debug|Any CPU
		{AE7577BD-C3F8-4E9F-A878-B157CADBBBD8}.Debug|Any CPU.Build.0 = Debug|Any CPU
		{AE7577BD-C3F8-4E9F-A878-B157CADBBBD8}.Release|Any CPU.ActiveCfg = Release|Any CPU
		{AE7577BD-C3F8-4E9F-A878-B157CADBBBD8}.Release|Any CPU.Build.0 = Release|Any CPU
		{B034A0B3-6B09-4B4D-B548-7D1CBA8D9F6D}.Debug|Any CPU.ActiveCfg = Debug|Any CPU
		{B034A0B3-6B09-4B4D-B548-7D1CBA8D9F6D}.Debug|Any CPU.Build.0 = Debug|Any CPU
		{B034A0B3-6B09-4B4D-B548-7D1CBA8D9F6D}.Release|Any CPU.ActiveCfg = Release|Any CPU
		{B034A0B3-6B09-4B4D-B548-7D1CBA8D9F6D}.Release|Any CPU.Build.0 = Release|Any CPU
		{5739CDEC-88A6-4439-96D6-C12A1A0F810D}.Debug|Any CPU.ActiveCfg = Debug|Any CPU
		{5739CDEC-88A6-4439-96D6-C12A1A0F810D}.Debug|Any CPU.Build.0 = Debug|Any CPU
		{5739CDEC-88A6-4439-96D6-C12A1A0F810D}.Release|Any CPU.ActiveCfg = Release|Any CPU
		{5739CDEC-88A6-4439-96D6-C12A1A0F810D}.Release|Any CPU.Build.0 = Release|Any CPU
		{2A50ECD2-1A51-472B-AFF1-2C7B05256B37}.Debug|Any CPU.ActiveCfg = Debug|Any CPU
		{2A50ECD2-1A51-472B-AFF1-2C7B05256B37}.Debug|Any CPU.Build.0 = Debug|Any CPU
		{2A50ECD2-1A51-472B-AFF1-2C7B05256B37}.Release|Any CPU.ActiveCfg = Release|Any CPU
		{2A50ECD2-1A51-472B-AFF1-2C7B05256B37}.Release|Any CPU.Build.0 = Release|Any CPU
		{89447DC6-E2E6-417D-B3B9-CAA04243F0EC}.Debug|Any CPU.ActiveCfg = Debug|Any CPU
		{89447DC6-E2E6-417D-B3B9-CAA04243F0EC}.Debug|Any CPU.Build.0 = Debug|Any CPU
		{89447DC6-E2E6-417D-B3B9-CAA04243F0EC}.Release|Any CPU.ActiveCfg = Release|Any CPU
		{89447DC6-E2E6-417D-B3B9-CAA04243F0EC}.Release|Any CPU.Build.0 = Release|Any CPU
		{90D64E04-30EE-4DE0-89DD-5FBAB1ABA98D}.Debug|Any CPU.ActiveCfg = Debug|Any CPU
		{90D64E04-30EE-4DE0-89DD-5FBAB1ABA98D}.Debug|Any CPU.Build.0 = Debug|Any CPU
		{90D64E04-30EE-4DE0-89DD-5FBAB1ABA98D}.Release|Any CPU.ActiveCfg = Release|Any CPU
		{90D64E04-30EE-4DE0-89DD-5FBAB1ABA98D}.Release|Any CPU.Build.0 = Release|Any CPU
		{B7D8E1C8-C3E5-4C1B-8C71-7C95CB6DFC2C}.Debug|Any CPU.ActiveCfg = Debug|Any CPU
		{B7D8E1C8-C3E5-4C1B-8C71-7C95CB6DFC2C}.Debug|Any CPU.Build.0 = Debug|Any CPU
		{B7D8E1C8-C3E5-4C1B-8C71-7C95CB6DFC2C}.Release|Any CPU.ActiveCfg = Release|Any CPU
		{B7D8E1C8-C3E5-4C1B-8C71-7C95CB6DFC2C}.Release|Any CPU.Build.0 = Release|Any CPU
		{614016C8-3090-4B04-98C1-700DB7AE1949}.Debug|Any CPU.ActiveCfg = Debug|Any CPU
		{614016C8-3090-4B04-98C1-700DB7AE1949}.Debug|Any CPU.Build.0 = Debug|Any CPU
		{614016C8-3090-4B04-98C1-700DB7AE1949}.Release|Any CPU.ActiveCfg = Release|Any CPU
		{614016C8-3090-4B04-98C1-700DB7AE1949}.Release|Any CPU.Build.0 = Release|Any CPU
		{AAB0738D-555E-415D-B782-1E6BF856F9CA}.Debug|Any CPU.ActiveCfg = Debug|Any CPU
		{AAB0738D-555E-415D-B782-1E6BF856F9CA}.Debug|Any CPU.Build.0 = Debug|Any CPU
		{AAB0738D-555E-415D-B782-1E6BF856F9CA}.Release|Any CPU.ActiveCfg = Release|Any CPU
		{AAB0738D-555E-415D-B782-1E6BF856F9CA}.Release|Any CPU.Build.0 = Release|Any CPU
		{2E9AC22F-7D53-4F7B-84CC-3767D8415AF3}.Debug|Any CPU.ActiveCfg = Debug|Any CPU
		{2E9AC22F-7D53-4F7B-84CC-3767D8415AF3}.Debug|Any CPU.Build.0 = Debug|Any CPU
		{2E9AC22F-7D53-4F7B-84CC-3767D8415AF3}.Release|Any CPU.ActiveCfg = Release|Any CPU
		{2E9AC22F-7D53-4F7B-84CC-3767D8415AF3}.Release|Any CPU.Build.0 = Release|Any CPU
		{1F5F4AD8-E1E7-442B-B22C-058EEEE5D346}.Debug|Any CPU.ActiveCfg = Debug|Any CPU
		{1F5F4AD8-E1E7-442B-B22C-058EEEE5D346}.Debug|Any CPU.Build.0 = Debug|Any CPU
		{1F5F4AD8-E1E7-442B-B22C-058EEEE5D346}.Release|Any CPU.ActiveCfg = Release|Any CPU
		{1F5F4AD8-E1E7-442B-B22C-058EEEE5D346}.Release|Any CPU.Build.0 = Release|Any CPU
		{42E52F27-29F3-4921-A051-D10E879E3EEC}.Debug|Any CPU.ActiveCfg = Debug|Any CPU
		{42E52F27-29F3-4921-A051-D10E879E3EEC}.Debug|Any CPU.Build.0 = Debug|Any CPU
		{42E52F27-29F3-4921-A051-D10E879E3EEC}.Release|Any CPU.ActiveCfg = Release|Any CPU
		{42E52F27-29F3-4921-A051-D10E879E3EEC}.Release|Any CPU.Build.0 = Release|Any CPU
		{03652D20-4239-4CCE-8A72-F78DD38AC02B}.Debug|Any CPU.ActiveCfg = Debug|Any CPU
		{03652D20-4239-4CCE-8A72-F78DD38AC02B}.Debug|Any CPU.Build.0 = Debug|Any CPU
		{03652D20-4239-4CCE-8A72-F78DD38AC02B}.Release|Any CPU.ActiveCfg = Release|Any CPU
		{03652D20-4239-4CCE-8A72-F78DD38AC02B}.Release|Any CPU.Build.0 = Release|Any CPU
		{8AEF3E5B-21A2-45A1-A87B-D01CC1F8A091}.Debug|Any CPU.ActiveCfg = Debug|Any CPU
		{8AEF3E5B-21A2-45A1-A87B-D01CC1F8A091}.Debug|Any CPU.Build.0 = Debug|Any CPU
		{8AEF3E5B-21A2-45A1-A87B-D01CC1F8A091}.Release|Any CPU.ActiveCfg = Release|Any CPU
		{8AEF3E5B-21A2-45A1-A87B-D01CC1F8A091}.Release|Any CPU.Build.0 = Release|Any CPU
		{F9AEDEC7-8FC8-4CAE-8691-239F66CD2CE2}.Debug|Any CPU.ActiveCfg = Debug|Any CPU
		{F9AEDEC7-8FC8-4CAE-8691-239F66CD2CE2}.Debug|Any CPU.Build.0 = Debug|Any CPU
		{F9AEDEC7-8FC8-4CAE-8691-239F66CD2CE2}.Release|Any CPU.ActiveCfg = Release|Any CPU
		{F9AEDEC7-8FC8-4CAE-8691-239F66CD2CE2}.Release|Any CPU.Build.0 = Release|Any CPU
		{76E13F6B-494A-47EB-9964-25DF37AAEE1F}.Debug|Any CPU.ActiveCfg = Debug|Any CPU
		{76E13F6B-494A-47EB-9964-25DF37AAEE1F}.Debug|Any CPU.Build.0 = Debug|Any CPU
		{76E13F6B-494A-47EB-9964-25DF37AAEE1F}.Release|Any CPU.ActiveCfg = Release|Any CPU
		{76E13F6B-494A-47EB-9964-25DF37AAEE1F}.Release|Any CPU.Build.0 = Release|Any CPU
	EndGlobalSection
	GlobalSection(SolutionProperties) = preSolution
		HideSolutionNode = FALSE
	EndGlobalSection
	GlobalSection(NestedProjects) = preSolution
		{925F0743-4521-4A22-AA7F-AB832017E27D} = {304BB78A-48D9-4FE3-A709-54901A9AD1BA}
		{D4011F27-9695-437F-8F05-50D7CBB0FCE4} = {304BB78A-48D9-4FE3-A709-54901A9AD1BA}
		{D832EC84-9A6D-4D04-A9D2-6B964DC2A1A3} = {304BB78A-48D9-4FE3-A709-54901A9AD1BA}
		{EFB4F4C0-AE26-4DC4-A0B4-3323C589626C} = {304BB78A-48D9-4FE3-A709-54901A9AD1BA}
		{A3FF3C11-CA3B-454F-A57C-C75A091B3DE6} = {304BB78A-48D9-4FE3-A709-54901A9AD1BA}
		{0329E95D-B1D2-47A5-BF26-E1452D23D9A9} = {304BB78A-48D9-4FE3-A709-54901A9AD1BA}
		{2B242D46-7BA6-4B56-82F2-852D654AA49D} = {C346E2C5-3508-425B-A8AB-4C1C19CAEA08}
		{710D6D24-C623-461C-BDA5-B9A20741E507} = {C346E2C5-3508-425B-A8AB-4C1C19CAEA08}
		{246B7176-4A80-41FD-8FD1-15FD2482C3A5} = {C346E2C5-3508-425B-A8AB-4C1C19CAEA08}
		{5670B7DB-4B82-469F-B52C-3B85364FEFE6} = {C346E2C5-3508-425B-A8AB-4C1C19CAEA08}
		{9839905D-E957-4913-8A8D-411B0729DC68} = {C346E2C5-3508-425B-A8AB-4C1C19CAEA08}
		{247449AD-DD96-466D-A478-ADE1A8CE37E2} = {C346E2C5-3508-425B-A8AB-4C1C19CAEA08}
		{9FF99E80-3EBF-4B5F-8207-BAD4FCADB073} = {D9602C8C-AD40-4212-9BF5-899B93E551AE}
		{ED0A5887-A958-4014-8949-2299DB2924F8} = {D9602C8C-AD40-4212-9BF5-899B93E551AE}
		{738956A0-5C16-460F-869A-60826B38F63F} = {ED0A5887-A958-4014-8949-2299DB2924F8}
		{5421F0A9-ACC0-4EE0-9B0E-C60A426CAC8F} = {ED0A5887-A958-4014-8949-2299DB2924F8}
		{57C8640F-25B7-4422-8270-641899382884} = {ED0A5887-A958-4014-8949-2299DB2924F8}
		{4F66AA47-37ED-43AD-B4CA-02FD18D56CAA} = {ED0A5887-A958-4014-8949-2299DB2924F8}
		{A70E1E90-75F8-4553-AEAF-ABE038C5CDCF} = {ED0A5887-A958-4014-8949-2299DB2924F8}
		{C56A81AB-96A7-4DD4-869E-222F1029E3F2} = {ED0A5887-A958-4014-8949-2299DB2924F8}
		{918BF6F5-752A-4777-80B5-B4F3A4B7E7DA} = {ED0A5887-A958-4014-8949-2299DB2924F8}
		{45090AFB-9D92-4B29-920D-E9C460FFCE43} = {ED0A5887-A958-4014-8949-2299DB2924F8}
		{25BB6A1B-3A5C-4CD5-8B65-A795586D3D36} = {ED0A5887-A958-4014-8949-2299DB2924F8}
		{61B51FF0-5E01-4120-BF5D-47C2034D1232} = {9FF99E80-3EBF-4B5F-8207-BAD4FCADB073}
		{D7EAC4D0-48C5-4AA6-AF3B-57A23CC34F6D} = {9FF99E80-3EBF-4B5F-8207-BAD4FCADB073}
		{F4287AFC-7BE9-4F16-9F08-94C1A8180AC2} = {9FF99E80-3EBF-4B5F-8207-BAD4FCADB073}
		{403A21D0-DE48-4825-95F5-2117EE6F7D81} = {9FF99E80-3EBF-4B5F-8207-BAD4FCADB073}
		{DD839BD8-C1C0-497B-BED9-8CE37A266A9D} = {9FF99E80-3EBF-4B5F-8207-BAD4FCADB073}
		{FD71F552-F454-4336-8375-00BC9BC053B7} = {ED0A5887-A958-4014-8949-2299DB2924F8}
		{0302A3E5-48FE-4645-A12B-D955C67306F0} = {ED0A5887-A958-4014-8949-2299DB2924F8}
		{1157B44F-267D-43A6-9286-9E6D794EDE1D} = {ED0A5887-A958-4014-8949-2299DB2924F8}
		{9A62CE08-B539-485D-88AA-9E708AB2ED4B} = {ED0A5887-A958-4014-8949-2299DB2924F8}
		{C36BDDBE-3B91-4FF0-B144-B67D0266BCF7} = {ED0A5887-A958-4014-8949-2299DB2924F8}
		{204B6A27-7D02-4413-A383-8C0A5148063D} = {ED0A5887-A958-4014-8949-2299DB2924F8}
		{AE7577BD-C3F8-4E9F-A878-B157CADBBBD8} = {ED0A5887-A958-4014-8949-2299DB2924F8}
		{B034A0B3-6B09-4B4D-B548-7D1CBA8D9F6D} = {ED0A5887-A958-4014-8949-2299DB2924F8}
		{5739CDEC-88A6-4439-96D6-C12A1A0F810D} = {ED0A5887-A958-4014-8949-2299DB2924F8}
		{2A50ECD2-1A51-472B-AFF1-2C7B05256B37} = {ED0A5887-A958-4014-8949-2299DB2924F8}
		{89447DC6-E2E6-417D-B3B9-CAA04243F0EC} = {ED0A5887-A958-4014-8949-2299DB2924F8}
		{90D64E04-30EE-4DE0-89DD-5FBAB1ABA98D} = {ED0A5887-A958-4014-8949-2299DB2924F8}
		{B7D8E1C8-C3E5-4C1B-8C71-7C95CB6DFC2C} = {ED0A5887-A958-4014-8949-2299DB2924F8}
		{614016C8-3090-4B04-98C1-700DB7AE1949} = {ED0A5887-A958-4014-8949-2299DB2924F8}
		{AAB0738D-555E-415D-B782-1E6BF856F9CA} = {ED0A5887-A958-4014-8949-2299DB2924F8}
		{2E9AC22F-7D53-4F7B-84CC-3767D8415AF3} = {ED0A5887-A958-4014-8949-2299DB2924F8}
		{1F5F4AD8-E1E7-442B-B22C-058EEEE5D346} = {ED0A5887-A958-4014-8949-2299DB2924F8}
		{42E52F27-29F3-4921-A051-D10E879E3EEC} = {ED0A5887-A958-4014-8949-2299DB2924F8}
		{03652D20-4239-4CCE-8A72-F78DD38AC02B} = {ED0A5887-A958-4014-8949-2299DB2924F8}
		{8AEF3E5B-21A2-45A1-A87B-D01CC1F8A091} = {ED0A5887-A958-4014-8949-2299DB2924F8}
		{F9AEDEC7-8FC8-4CAE-8691-239F66CD2CE2} = {ED0A5887-A958-4014-8949-2299DB2924F8}
		{76E13F6B-494A-47EB-9964-25DF37AAEE1F} = {9FF99E80-3EBF-4B5F-8207-BAD4FCADB073}
	EndGlobalSection
	GlobalSection(ExtensibilityGlobals) = postSolution
		SolutionGuid = {D4AC5020-4E52-449F-9931-C7F2C2808419}
	EndGlobalSection
EndGlobal
